// !$*UTF8*$!
{
	archiveVersion = 1;
	classes = {
	};
	objectVersion = 46;
	objects = {

/* Begin PBXAggregateTarget section */
		1845E6F61A66DA03005B377D /* FrostKitDocs */ = {
			isa = PBXAggregateTarget;
			buildConfigurationList = 1845E6F71A66DA03005B377D /* Build configuration list for PBXAggregateTarget "FrostKitDocs" */;
			buildPhases = (
				1845E6FA1A66DA0F005B377D /* ShellScript */,
			);
			dependencies = (
			);
			name = FrostKitDocs;
			productName = FrostKitDocs;
		};
/* End PBXAggregateTarget section */

/* Begin PBXBuildFile section */
		1811D7B81A0AD1CA00E8B873 /* BaseWebViewController.swift in Sources */ = {isa = PBXBuildFile; fileRef = 1811D7B41A0AD1CA00E8B873 /* BaseWebViewController.swift */; };
		1811D7B91A0AD1CA00E8B873 /* UIWebViewController.swift in Sources */ = {isa = PBXBuildFile; fileRef = 1811D7B51A0AD1CA00E8B873 /* UIWebViewController.swift */; };
		1811D7BA1A0AD1CA00E8B873 /* WebViewController.swift in Sources */ = {isa = PBXBuildFile; fileRef = 1811D7B61A0AD1CA00E8B873 /* WebViewController.swift */; };
		1811D7BB1A0AD1CA00E8B873 /* WKWebViewController.swift in Sources */ = {isa = PBXBuildFile; fileRef = 1811D7B71A0AD1CA00E8B873 /* WKWebViewController.swift */; };
		181BCC3619DF60810056C8F8 /* KeychainHelperTests.swift in Sources */ = {isa = PBXBuildFile; fileRef = 181BCC3519DF60810056C8F8 /* KeychainHelperTests.swift */; };
		18748B2219DF5661003942A3 /* Localizable.strings in Resources */ = {isa = PBXBuildFile; fileRef = 18748B2019DF5661003942A3 /* Localizable.strings */; };
		18839B1D19D9FA8C00760157 /* FrostKit.h in Headers */ = {isa = PBXBuildFile; fileRef = 18839B1C19D9FA8C00760157 /* FrostKit.h */; settings = {ATTRIBUTES = (Public, ); }; };
		18839B2719D9FA8C00760157 /* FrostKitTests.swift in Sources */ = {isa = PBXBuildFile; fileRef = 18839B2619D9FA8C00760157 /* FrostKitTests.swift */; };
		18839B4719DA27AE00760157 /* SocialHelper.swift in Sources */ = {isa = PBXBuildFile; fileRef = 18839B4519DA27AE00760157 /* SocialHelper.swift */; };
		18BB7C7519DC383900F21A64 /* NSCalendarExtensions.swift in Sources */ = {isa = PBXBuildFile; fileRef = 18BB7C7419DC383900F21A64 /* NSCalendarExtensions.swift */; };
		18C0066119DB5BF000811755 /* LocalStorage.swift in Sources */ = {isa = PBXBuildFile; fileRef = 18C0066019DB5BF000811755 /* LocalStorage.swift */; };
		18C0066319DB5C7200811755 /* ImageCache.swift in Sources */ = {isa = PBXBuildFile; fileRef = 18C0066219DB5C7200811755 /* ImageCache.swift */; };
		18C0066819DB762600811755 /* NSErrorExtensions.swift in Sources */ = {isa = PBXBuildFile; fileRef = 18C0066719DB762600811755 /* NSErrorExtensions.swift */; };
		18C0066A19DB767A00811755 /* UIColorExtensions.swift in Sources */ = {isa = PBXBuildFile; fileRef = 18C0066919DB767A00811755 /* UIColorExtensions.swift */; };
		18C0066C19DB769B00811755 /* NSDateExtensions.swift in Sources */ = {isa = PBXBuildFile; fileRef = 18C0066B19DB769B00811755 /* NSDateExtensions.swift */; };
		18C0066E19DB76C900811755 /* UIImageExtensiosns.swift in Sources */ = {isa = PBXBuildFile; fileRef = 18C0066D19DB76C900811755 /* UIImageExtensiosns.swift */; };
		18C0067019DB7EDB00811755 /* ContentManager.swift in Sources */ = {isa = PBXBuildFile; fileRef = 18C0066F19DB7EDB00811755 /* ContentManager.swift */; };
		18C0067519DC001000811755 /* NSDateExtensionsTests.swift in Sources */ = {isa = PBXBuildFile; fileRef = 18C0067419DC001000811755 /* NSDateExtensionsTests.swift */; };
		18C0067619DC00C000811755 /* FrostKit.framework in Frameworks */ = {isa = PBXBuildFile; fileRef = 18839B1719D9FA8C00760157 /* FrostKit.framework */; };
		18C0067819DC23A100811755 /* UIColorExtensionsTest.swift in Sources */ = {isa = PBXBuildFile; fileRef = 18C0067719DC23A100811755 /* UIColorExtensionsTest.swift */; };
		18CFF9FE19DC45AB00DF6BB8 /* NSTimeZoneExtensions.swift in Sources */ = {isa = PBXBuildFile; fileRef = 18CFF9FD19DC45AB00DF6BB8 /* NSTimeZoneExtensions.swift */; };
		18DC212819DE970200FEB57E /* ionicons-variables.less in Resources */ = {isa = PBXBuildFile; fileRef = 18DC212619DE970200FEB57E /* ionicons-variables.less */; };
		18DC212919DE970200FEB57E /* ionicons.ttf in Resources */ = {isa = PBXBuildFile; fileRef = 18DC212719DE970200FEB57E /* ionicons.ttf */; };
		18DC212B19DEA21000FEB57E /* UIViewControllerExtensions.swift in Sources */ = {isa = PBXBuildFile; fileRef = 18DC212A19DEA21000FEB57E /* UIViewControllerExtensions.swift */; };
		18DE01ED19DCBB5B008A1506 /* UIFontExtensiosns.swift in Sources */ = {isa = PBXBuildFile; fileRef = 18DE01EC19DCBB5B008A1506 /* UIFontExtensiosns.swift */; };
		18DE01EF19DCBC28008A1506 /* CustomFonts.swift in Sources */ = {isa = PBXBuildFile; fileRef = 18DE01EE19DCBC28008A1506 /* CustomFonts.swift */; };
		18DE01F319DCBCC4008A1506 /* fontawesome-webfont.ttf in Resources */ = {isa = PBXBuildFile; fileRef = 18DE01F219DCBCC4008A1506 /* fontawesome-webfont.ttf */; };
		18DE01F619DCBE45008A1506 /* FontTests.swift in Sources */ = {isa = PBXBuildFile; fileRef = 18DE01F519DCBE45008A1506 /* FontTests.swift */; };
		18E3F23219DE07670032ABB7 /* FrostKit.swift in Sources */ = {isa = PBXBuildFile; fileRef = 18E3F23119DE07670032ABB7 /* FrostKit.swift */; };
		18E3F23A19DE15600032ABB7 /* UIBarButtonItemExtensions.swift in Sources */ = {isa = PBXBuildFile; fileRef = 18E3F23919DE15600032ABB7 /* UIBarButtonItemExtensions.swift */; };
		18EA123F19DC79F100FD858D /* NSDataExtensions.swift in Sources */ = {isa = PBXBuildFile; fileRef = 18EA123E19DC79F100FD858D /* NSDataExtensions.swift */; };
		18EA124119DC7D9000FD858D /* UIViewExtensions.swift in Sources */ = {isa = PBXBuildFile; fileRef = 18EA124019DC7D9000FD858D /* UIViewExtensions.swift */; };
		18EA124319DC8A8C00FD858D /* KeychainHelper.swift in Sources */ = {isa = PBXBuildFile; fileRef = 18EA124219DC8A8C00FD858D /* KeychainHelper.swift */; };
		18EA124519DC8B5E00FD858D /* NSBundleExtensiosns.swift in Sources */ = {isa = PBXBuildFile; fileRef = 18EA124419DC8B5E00FD858D /* NSBundleExtensiosns.swift */; };
/* End PBXBuildFile section */

/* Begin PBXFileReference section */
		1811D76A1A0ACAED00E8B873 /* WebKit.framework */ = {isa = PBXFileReference; lastKnownFileType = wrapper.framework; name = WebKit.framework; path = System/Library/Frameworks/WebKit.framework; sourceTree = SDKROOT; };
		1811D7B41A0AD1CA00E8B873 /* BaseWebViewController.swift */ = {isa = PBXFileReference; fileEncoding = 4; lastKnownFileType = sourcecode.swift; path = BaseWebViewController.swift; sourceTree = "<group>"; };
		1811D7B51A0AD1CA00E8B873 /* UIWebViewController.swift */ = {isa = PBXFileReference; fileEncoding = 4; lastKnownFileType = sourcecode.swift; path = UIWebViewController.swift; sourceTree = "<group>"; };
		1811D7B61A0AD1CA00E8B873 /* WebViewController.swift */ = {isa = PBXFileReference; fileEncoding = 4; lastKnownFileType = sourcecode.swift; path = WebViewController.swift; sourceTree = "<group>"; };
		1811D7B71A0AD1CA00E8B873 /* WKWebViewController.swift */ = {isa = PBXFileReference; fileEncoding = 4; lastKnownFileType = sourcecode.swift; path = WKWebViewController.swift; sourceTree = "<group>"; };
		181BCC3519DF60810056C8F8 /* KeychainHelperTests.swift */ = {isa = PBXFileReference; fileEncoding = 4; lastKnownFileType = sourcecode.swift; path = KeychainHelperTests.swift; sourceTree = "<group>"; };
		18748B2119DF5661003942A3 /* en */ = {isa = PBXFileReference; lastKnownFileType = text.plist.strings; name = en; path = en.lproj/Localizable.strings; sourceTree = "<group>"; };
		18839B1719D9FA8C00760157 /* FrostKit.framework */ = {isa = PBXFileReference; explicitFileType = wrapper.framework; includeInIndex = 0; path = FrostKit.framework; sourceTree = BUILT_PRODUCTS_DIR; };
		18839B1B19D9FA8C00760157 /* Info.plist */ = {isa = PBXFileReference; lastKnownFileType = text.plist.xml; path = Info.plist; sourceTree = "<group>"; };
		18839B1C19D9FA8C00760157 /* FrostKit.h */ = {isa = PBXFileReference; lastKnownFileType = sourcecode.c.h; path = FrostKit.h; sourceTree = "<group>"; };
		18839B2219D9FA8C00760157 /* FrostKitTests.xctest */ = {isa = PBXFileReference; explicitFileType = wrapper.cfbundle; includeInIndex = 0; path = FrostKitTests.xctest; sourceTree = BUILT_PRODUCTS_DIR; };
		18839B2519D9FA8C00760157 /* Info.plist */ = {isa = PBXFileReference; lastKnownFileType = text.plist.xml; path = Info.plist; sourceTree = "<group>"; };
		18839B2619D9FA8C00760157 /* FrostKitTests.swift */ = {isa = PBXFileReference; lastKnownFileType = sourcecode.swift; path = FrostKitTests.swift; sourceTree = "<group>"; };
		18839B4519DA27AE00760157 /* SocialHelper.swift */ = {isa = PBXFileReference; fileEncoding = 4; lastKnownFileType = sourcecode.swift; path = SocialHelper.swift; sourceTree = "<group>"; };
		18BB7C7419DC383900F21A64 /* NSCalendarExtensions.swift */ = {isa = PBXFileReference; fileEncoding = 4; lastKnownFileType = sourcecode.swift; path = NSCalendarExtensions.swift; sourceTree = "<group>"; };
		18C0066019DB5BF000811755 /* LocalStorage.swift */ = {isa = PBXFileReference; fileEncoding = 4; lastKnownFileType = sourcecode.swift; path = LocalStorage.swift; sourceTree = "<group>"; };
		18C0066219DB5C7200811755 /* ImageCache.swift */ = {isa = PBXFileReference; fileEncoding = 4; lastKnownFileType = sourcecode.swift; path = ImageCache.swift; sourceTree = "<group>"; };
		18C0066719DB762600811755 /* NSErrorExtensions.swift */ = {isa = PBXFileReference; fileEncoding = 4; lastKnownFileType = sourcecode.swift; path = NSErrorExtensions.swift; sourceTree = "<group>"; };
		18C0066919DB767A00811755 /* UIColorExtensions.swift */ = {isa = PBXFileReference; fileEncoding = 4; lastKnownFileType = sourcecode.swift; path = UIColorExtensions.swift; sourceTree = "<group>"; };
		18C0066B19DB769B00811755 /* NSDateExtensions.swift */ = {isa = PBXFileReference; fileEncoding = 4; lastKnownFileType = sourcecode.swift; path = NSDateExtensions.swift; sourceTree = "<group>"; };
		18C0066D19DB76C900811755 /* UIImageExtensiosns.swift */ = {isa = PBXFileReference; fileEncoding = 4; lastKnownFileType = sourcecode.swift; path = UIImageExtensiosns.swift; sourceTree = "<group>"; };
		18C0066F19DB7EDB00811755 /* ContentManager.swift */ = {isa = PBXFileReference; fileEncoding = 4; lastKnownFileType = sourcecode.swift; path = ContentManager.swift; sourceTree = "<group>"; };
		18C0067419DC001000811755 /* NSDateExtensionsTests.swift */ = {isa = PBXFileReference; fileEncoding = 4; lastKnownFileType = sourcecode.swift; path = NSDateExtensionsTests.swift; sourceTree = "<group>"; };
		18C0067719DC23A100811755 /* UIColorExtensionsTest.swift */ = {isa = PBXFileReference; fileEncoding = 4; lastKnownFileType = sourcecode.swift; path = UIColorExtensionsTest.swift; sourceTree = "<group>"; };
		18CFF9FD19DC45AB00DF6BB8 /* NSTimeZoneExtensions.swift */ = {isa = PBXFileReference; fileEncoding = 4; lastKnownFileType = sourcecode.swift; path = NSTimeZoneExtensions.swift; sourceTree = "<group>"; };
		18DC212619DE970200FEB57E /* ionicons-variables.less */ = {isa = PBXFileReference; fileEncoding = 4; lastKnownFileType = text; path = "ionicons-variables.less"; sourceTree = "<group>"; };
		18DC212719DE970200FEB57E /* ionicons.ttf */ = {isa = PBXFileReference; lastKnownFileType = file; path = ionicons.ttf; sourceTree = "<group>"; };
		18DC212A19DEA21000FEB57E /* UIViewControllerExtensions.swift */ = {isa = PBXFileReference; fileEncoding = 4; lastKnownFileType = sourcecode.swift; path = UIViewControllerExtensions.swift; sourceTree = "<group>"; };
		18DE01EC19DCBB5B008A1506 /* UIFontExtensiosns.swift */ = {isa = PBXFileReference; fileEncoding = 4; lastKnownFileType = sourcecode.swift; path = UIFontExtensiosns.swift; sourceTree = "<group>"; };
		18DE01EE19DCBC28008A1506 /* CustomFonts.swift */ = {isa = PBXFileReference; fileEncoding = 4; lastKnownFileType = sourcecode.swift; path = CustomFonts.swift; sourceTree = "<group>"; };
		18DE01F019DCBC48008A1506 /* variables.less */ = {isa = PBXFileReference; lastKnownFileType = text; path = variables.less; sourceTree = "<group>"; };
		18DE01F219DCBCC4008A1506 /* fontawesome-webfont.ttf */ = {isa = PBXFileReference; lastKnownFileType = file; path = "fontawesome-webfont.ttf"; sourceTree = "<group>"; };
		18DE01F519DCBE45008A1506 /* FontTests.swift */ = {isa = PBXFileReference; fileEncoding = 4; lastKnownFileType = sourcecode.swift; path = FontTests.swift; sourceTree = "<group>"; };
		18E3F23119DE07670032ABB7 /* FrostKit.swift */ = {isa = PBXFileReference; fileEncoding = 4; lastKnownFileType = sourcecode.swift; path = FrostKit.swift; sourceTree = "<group>"; };
		18E3F23919DE15600032ABB7 /* UIBarButtonItemExtensions.swift */ = {isa = PBXFileReference; fileEncoding = 4; lastKnownFileType = sourcecode.swift; path = UIBarButtonItemExtensions.swift; sourceTree = "<group>"; };
		18EA123E19DC79F100FD858D /* NSDataExtensions.swift */ = {isa = PBXFileReference; fileEncoding = 4; lastKnownFileType = sourcecode.swift; path = NSDataExtensions.swift; sourceTree = "<group>"; };
		18EA124019DC7D9000FD858D /* UIViewExtensions.swift */ = {isa = PBXFileReference; fileEncoding = 4; lastKnownFileType = sourcecode.swift; path = UIViewExtensions.swift; sourceTree = "<group>"; };
		18EA124219DC8A8C00FD858D /* KeychainHelper.swift */ = {isa = PBXFileReference; fileEncoding = 4; lastKnownFileType = sourcecode.swift; path = KeychainHelper.swift; sourceTree = "<group>"; };
		18EA124419DC8B5E00FD858D /* NSBundleExtensiosns.swift */ = {isa = PBXFileReference; fileEncoding = 4; lastKnownFileType = sourcecode.swift; path = NSBundleExtensiosns.swift; sourceTree = "<group>"; };
/* End PBXFileReference section */

/* Begin PBXFrameworksBuildPhase section */
		18839B1319D9FA8C00760157 /* Frameworks */ = {
			isa = PBXFrameworksBuildPhase;
			buildActionMask = 2147483647;
			files = (
			);
			runOnlyForDeploymentPostprocessing = 0;
		};
		18839B1F19D9FA8C00760157 /* Frameworks */ = {
			isa = PBXFrameworksBuildPhase;
			buildActionMask = 2147483647;
			files = (
				18C0067619DC00C000811755 /* FrostKit.framework in Frameworks */,
			);
			runOnlyForDeploymentPostprocessing = 0;
		};
/* End PBXFrameworksBuildPhase section */

/* Begin PBXGroup section */
		1811D7B31A0AD1CA00E8B873 /* WebViewController */ = {
			isa = PBXGroup;
			children = (
				1811D7B61A0AD1CA00E8B873 /* WebViewController.swift */,
				1811D7B41A0AD1CA00E8B873 /* BaseWebViewController.swift */,
				1811D7B51A0AD1CA00E8B873 /* UIWebViewController.swift */,
				1811D7B71A0AD1CA00E8B873 /* WKWebViewController.swift */,
			);
			path = WebViewController;
			sourceTree = "<group>";
		};
		181BCC3419DF605F0056C8F8 /* Helpers */ = {
			isa = PBXGroup;
			children = (
				181BCC3519DF60810056C8F8 /* KeychainHelperTests.swift */,
			);
			path = Helpers;
			sourceTree = "<group>";
		};
		186CFCE81A29F7BE002739A5 /* Frameworks */ = {
			isa = PBXGroup;
			children = (
				1811D76A1A0ACAED00E8B873 /* WebKit.framework */,
			);
			name = Frameworks;
			sourceTree = "<group>";
		};
		18839B0D19D9FA8C00760157 = {
			isa = PBXGroup;
			children = (
				18839B1919D9FA8C00760157 /* FrostKit */,
				18839B2319D9FA8C00760157 /* FrostKitTests */,
				186CFCE81A29F7BE002739A5 /* Frameworks */,
				18839B1819D9FA8C00760157 /* Products */,
			);
			sourceTree = "<group>";
		};
		18839B1819D9FA8C00760157 /* Products */ = {
			isa = PBXGroup;
			children = (
				18839B1719D9FA8C00760157 /* FrostKit.framework */,
				18839B2219D9FA8C00760157 /* FrostKitTests.xctest */,
			);
			name = Products;
			sourceTree = "<group>";
		};
		18839B1919D9FA8C00760157 /* FrostKit */ = {
			isa = PBXGroup;
			children = (
				18748B2019DF5661003942A3 /* Localizable.strings */,
				18839B1C19D9FA8C00760157 /* FrostKit.h */,
				18E3F23119DE07670032ABB7 /* FrostKit.swift */,
				18C0065F19DB5BDD00811755 /* Storage */,
				18839B4119DA27A800760157 /* ViewControllers */,
				18839B4419DA27AE00760157 /* Helpers */,
				18C0066619DB761800811755 /* Extensions */,
				18DE01EB19DCBB18008A1506 /* Fonts */,
				18839B1A19D9FA8C00760157 /* Supporting Files */,
			);
			path = FrostKit;
			sourceTree = "<group>";
		};
		18839B1A19D9FA8C00760157 /* Supporting Files */ = {
			isa = PBXGroup;
			children = (
				18839B1B19D9FA8C00760157 /* Info.plist */,
			);
			name = "Supporting Files";
			sourceTree = "<group>";
		};
		18839B2319D9FA8C00760157 /* FrostKitTests */ = {
			isa = PBXGroup;
			children = (
				18839B2619D9FA8C00760157 /* FrostKitTests.swift */,
				18C0067319DBFFE900811755 /* Storage */,
				181BCC3419DF605F0056C8F8 /* Helpers */,
				18C0067119DBFFE900811755 /* Extensions */,
				18DE01F419DCBE35008A1506 /* Fonts */,
				18839B2419D9FA8C00760157 /* Supporting Files */,
			);
			path = FrostKitTests;
			sourceTree = "<group>";
		};
		18839B2419D9FA8C00760157 /* Supporting Files */ = {
			isa = PBXGroup;
			children = (
				18839B2519D9FA8C00760157 /* Info.plist */,
			);
			name = "Supporting Files";
			sourceTree = "<group>";
		};
		18839B4119DA27A800760157 /* ViewControllers */ = {
			isa = PBXGroup;
			children = (
				1811D7B31A0AD1CA00E8B873 /* WebViewController */,
			);
			path = ViewControllers;
			sourceTree = "<group>";
		};
		18839B4419DA27AE00760157 /* Helpers */ = {
			isa = PBXGroup;
			children = (
				18839B4519DA27AE00760157 /* SocialHelper.swift */,
				18EA124219DC8A8C00FD858D /* KeychainHelper.swift */,
			);
			path = Helpers;
			sourceTree = "<group>";
		};
		18C0065F19DB5BDD00811755 /* Storage */ = {
			isa = PBXGroup;
			children = (
				18C0066019DB5BF000811755 /* LocalStorage.swift */,
				18C0066219DB5C7200811755 /* ImageCache.swift */,
				18C0066F19DB7EDB00811755 /* ContentManager.swift */,
			);
			path = Storage;
			sourceTree = "<group>";
		};
		18C0066619DB761800811755 /* Extensions */ = {
			isa = PBXGroup;
			children = (
				18C0066719DB762600811755 /* NSErrorExtensions.swift */,
				18C0066B19DB769B00811755 /* NSDateExtensions.swift */,
				18BB7C7419DC383900F21A64 /* NSCalendarExtensions.swift */,
				18CFF9FD19DC45AB00DF6BB8 /* NSTimeZoneExtensions.swift */,
				18EA123E19DC79F100FD858D /* NSDataExtensions.swift */,
				18EA124419DC8B5E00FD858D /* NSBundleExtensiosns.swift */,
				18DE01EC19DCBB5B008A1506 /* UIFontExtensiosns.swift */,
				18C0066919DB767A00811755 /* UIColorExtensions.swift */,
				18C0066D19DB76C900811755 /* UIImageExtensiosns.swift */,
				18EA124019DC7D9000FD858D /* UIViewExtensions.swift */,
				18E3F23919DE15600032ABB7 /* UIBarButtonItemExtensions.swift */,
				18DC212A19DEA21000FEB57E /* UIViewControllerExtensions.swift */,
			);
			path = Extensions;
			sourceTree = "<group>";
		};
		18C0067119DBFFE900811755 /* Extensions */ = {
			isa = PBXGroup;
			children = (
				18C0067719DC23A100811755 /* UIColorExtensionsTest.swift */,
				18C0067419DC001000811755 /* NSDateExtensionsTests.swift */,
			);
			path = Extensions;
			sourceTree = "<group>";
		};
		18C0067319DBFFE900811755 /* Storage */ = {
			isa = PBXGroup;
			children = (
			);
			path = Storage;
			sourceTree = "<group>";
		};
		18DE01EB19DCBB18008A1506 /* Fonts */ = {
			isa = PBXGroup;
			children = (
				18DE01EE19DCBC28008A1506 /* CustomFonts.swift */,
				18DE01F219DCBCC4008A1506 /* fontawesome-webfont.ttf */,
				18DE01F019DCBC48008A1506 /* variables.less */,
				18DC212719DE970200FEB57E /* ionicons.ttf */,
				18DC212619DE970200FEB57E /* ionicons-variables.less */,
			);
			path = Fonts;
			sourceTree = "<group>";
		};
		18DE01F419DCBE35008A1506 /* Fonts */ = {
			isa = PBXGroup;
			children = (
				18DE01F519DCBE45008A1506 /* FontTests.swift */,
			);
			path = Fonts;
			sourceTree = "<group>";
		};
/* End PBXGroup section */

/* Begin PBXHeadersBuildPhase section */
		18839B1419D9FA8C00760157 /* Headers */ = {
			isa = PBXHeadersBuildPhase;
			buildActionMask = 2147483647;
			files = (
				18839B1D19D9FA8C00760157 /* FrostKit.h in Headers */,
			);
			runOnlyForDeploymentPostprocessing = 0;
		};
/* End PBXHeadersBuildPhase section */

/* Begin PBXNativeTarget section */
		18839B1619D9FA8C00760157 /* FrostKit */ = {
			isa = PBXNativeTarget;
			buildConfigurationList = 18839B2A19D9FA8C00760157 /* Build configuration list for PBXNativeTarget "FrostKit" */;
			buildPhases = (
				18839B1219D9FA8C00760157 /* Sources */,
				18839B1319D9FA8C00760157 /* Frameworks */,
				18839B1419D9FA8C00760157 /* Headers */,
				18839B1519D9FA8C00760157 /* Resources */,
			);
			buildRules = (
			);
			dependencies = (
			);
			name = FrostKit;
			productName = FrostKit;
			productReference = 18839B1719D9FA8C00760157 /* FrostKit.framework */;
			productType = "com.apple.product-type.framework";
		};
		18839B2119D9FA8C00760157 /* FrostKitTests */ = {
			isa = PBXNativeTarget;
			buildConfigurationList = 18839B2D19D9FA8C00760157 /* Build configuration list for PBXNativeTarget "FrostKitTests" */;
			buildPhases = (
				18839B1E19D9FA8C00760157 /* Sources */,
				18839B1F19D9FA8C00760157 /* Frameworks */,
				18839B2019D9FA8C00760157 /* Resources */,
			);
			buildRules = (
			);
			dependencies = (
			);
			name = FrostKitTests;
			productName = FrostKitTests;
			productReference = 18839B2219D9FA8C00760157 /* FrostKitTests.xctest */;
			productType = "com.apple.product-type.bundle.unit-test";
		};
/* End PBXNativeTarget section */

/* Begin PBXProject section */
		18839B0E19D9FA8C00760157 /* Project object */ = {
			isa = PBXProject;
			attributes = {
				LastUpgradeCheck = 0600;
				ORGANIZATIONNAME = "Frostlight Solutions";
				TargetAttributes = {
					1845E6F61A66DA03005B377D = {
						CreatedOnToolsVersion = 6.1.1;
					};
					18839B1619D9FA8C00760157 = {
						CreatedOnToolsVersion = 6.0.1;
					};
					18839B2119D9FA8C00760157 = {
						CreatedOnToolsVersion = 6.0.1;
					};
				};
			};
			buildConfigurationList = 18839B1119D9FA8C00760157 /* Build configuration list for PBXProject "FrostKit" */;
			compatibilityVersion = "Xcode 3.2";
			developmentRegion = English;
			hasScannedForEncodings = 0;
			knownRegions = (
				en,
			);
			mainGroup = 18839B0D19D9FA8C00760157;
			productRefGroup = 18839B1819D9FA8C00760157 /* Products */;
			projectDirPath = "";
			projectRoot = "";
			targets = (
				18839B1619D9FA8C00760157 /* FrostKit */,
				18839B2119D9FA8C00760157 /* FrostKitTests */,
				1845E6F61A66DA03005B377D /* FrostKitDocs */,
			);
		};
/* End PBXProject section */

/* Begin PBXResourcesBuildPhase section */
		18839B1519D9FA8C00760157 /* Resources */ = {
			isa = PBXResourcesBuildPhase;
			buildActionMask = 2147483647;
			files = (
				18DC212919DE970200FEB57E /* ionicons.ttf in Resources */,
				18748B2219DF5661003942A3 /* Localizable.strings in Resources */,
				18DC212819DE970200FEB57E /* ionicons-variables.less in Resources */,
				18DE01F319DCBCC4008A1506 /* fontawesome-webfont.ttf in Resources */,
			);
			runOnlyForDeploymentPostprocessing = 0;
		};
		18839B2019D9FA8C00760157 /* Resources */ = {
			isa = PBXResourcesBuildPhase;
			buildActionMask = 2147483647;
			files = (
			);
			runOnlyForDeploymentPostprocessing = 0;
		};
/* End PBXResourcesBuildPhase section */

/* Begin PBXShellScriptBuildPhase section */
		1845E6FA1A66DA0F005B377D /* ShellScript */ = {
			isa = PBXShellScriptBuildPhase;
			buildActionMask = 2147483647;
			files = (
			);
			inputPaths = (
			);
			outputPaths = (
			);
			runOnlyForDeploymentPostprocessing = 0;
			shellPath = /bin/sh;
			shellScript = "cd /Users/jamesbarrow/Dropbox/Pig\\ on\\ a\\ Hill/Projects/Frameworks/FrostKit/\n/Users/jamesbarrow/Dropbox/Pig\\ on\\ a\\ Hill/API\\:SDK/Forks/jazzy/bin/jazzy -x -project,\"${SRCROOT}/FrostKit.xcodeproj\",-scheme,FrostKit -c -m FrostKit -a James\\ Barrow -g https:\\/\\/github.com/FrostlightSolutions/FrostKit -o FrostKitDocs";
		};
/* End PBXShellScriptBuildPhase section */

/* Begin PBXSourcesBuildPhase section */
		18839B1219D9FA8C00760157 /* Sources */ = {
			isa = PBXSourcesBuildPhase;
			buildActionMask = 2147483647;
			files = (
				1811D7B91A0AD1CA00E8B873 /* UIWebViewController.swift in Sources */,
				18C0066C19DB769B00811755 /* NSDateExtensions.swift in Sources */,
				1811D7BB1A0AD1CA00E8B873 /* WKWebViewController.swift in Sources */,
				18CFF9FE19DC45AB00DF6BB8 /* NSTimeZoneExtensions.swift in Sources */,
				18DE01EF19DCBC28008A1506 /* CustomFonts.swift in Sources */,
				18EA124119DC7D9000FD858D /* UIViewExtensions.swift in Sources */,
				1811D7B81A0AD1CA00E8B873 /* BaseWebViewController.swift in Sources */,
				18DC212B19DEA21000FEB57E /* UIViewControllerExtensions.swift in Sources */,
				18EA123F19DC79F100FD858D /* NSDataExtensions.swift in Sources */,
				18839B4719DA27AE00760157 /* SocialHelper.swift in Sources */,
				1811D7BA1A0AD1CA00E8B873 /* WebViewController.swift in Sources */,
				18C0066819DB762600811755 /* NSErrorExtensions.swift in Sources */,
				18EA124519DC8B5E00FD858D /* NSBundleExtensiosns.swift in Sources */,
				18C0066A19DB767A00811755 /* UIColorExtensions.swift in Sources */,
				18E3F23219DE07670032ABB7 /* FrostKit.swift in Sources */,
				18C0066319DB5C7200811755 /* ImageCache.swift in Sources */,
				18DE01ED19DCBB5B008A1506 /* UIFontExtensiosns.swift in Sources */,
				18C0066119DB5BF000811755 /* LocalStorage.swift in Sources */,
				18C0067019DB7EDB00811755 /* ContentManager.swift in Sources */,
				18E3F23A19DE15600032ABB7 /* UIBarButtonItemExtensions.swift in Sources */,
				18EA124319DC8A8C00FD858D /* KeychainHelper.swift in Sources */,
				18BB7C7519DC383900F21A64 /* NSCalendarExtensions.swift in Sources */,
				18C0066E19DB76C900811755 /* UIImageExtensiosns.swift in Sources */,
			);
			runOnlyForDeploymentPostprocessing = 0;
		};
		18839B1E19D9FA8C00760157 /* Sources */ = {
			isa = PBXSourcesBuildPhase;
			buildActionMask = 2147483647;
			files = (
				181BCC3619DF60810056C8F8 /* KeychainHelperTests.swift in Sources */,
				18DE01F619DCBE45008A1506 /* FontTests.swift in Sources */,
				18C0067819DC23A100811755 /* UIColorExtensionsTest.swift in Sources */,
				18C0067519DC001000811755 /* NSDateExtensionsTests.swift in Sources */,
				18839B2719D9FA8C00760157 /* FrostKitTests.swift in Sources */,
			);
			runOnlyForDeploymentPostprocessing = 0;
		};
/* End PBXSourcesBuildPhase section */

/* Begin PBXVariantGroup section */
		18748B2019DF5661003942A3 /* Localizable.strings */ = {
			isa = PBXVariantGroup;
			children = (
				18748B2119DF5661003942A3 /* en */,
			);
			name = Localizable.strings;
			path = Localizable;
			sourceTree = "<group>";
		};
/* End PBXVariantGroup section */

/* Begin XCBuildConfiguration section */
		1845E6F81A66DA03005B377D /* Debug */ = {
			isa = XCBuildConfiguration;
			buildSettings = {
				PRODUCT_NAME = "$(TARGET_NAME)";
			};
			name = Debug;
		};
		1845E6F91A66DA03005B377D /* Release */ = {
			isa = XCBuildConfiguration;
			buildSettings = {
				PRODUCT_NAME = "$(TARGET_NAME)";
			};
			name = Release;
		};
		18839B2819D9FA8C00760157 /* Debug */ = {
			isa = XCBuildConfiguration;
			buildSettings = {
				ALWAYS_SEARCH_USER_PATHS = NO;
				CLANG_CXX_LANGUAGE_STANDARD = "gnu++0x";
				CLANG_CXX_LIBRARY = "libc++";
				CLANG_ENABLE_MODULES = YES;
				CLANG_ENABLE_OBJC_ARC = YES;
				CLANG_WARN_BOOL_CONVERSION = YES;
				CLANG_WARN_CONSTANT_CONVERSION = YES;
				CLANG_WARN_DIRECT_OBJC_ISA_USAGE = YES_ERROR;
				CLANG_WARN_EMPTY_BODY = YES;
				CLANG_WARN_ENUM_CONVERSION = YES;
				CLANG_WARN_INT_CONVERSION = YES;
				CLANG_WARN_OBJC_ROOT_CLASS = YES_ERROR;
				CLANG_WARN_UNREACHABLE_CODE = YES;
				CLANG_WARN__DUPLICATE_METHOD_MATCH = YES;
				"CODE_SIGN_IDENTITY[sdk=iphoneos*]" = "iPhone Developer";
				COPY_PHASE_STRIP = NO;
				CURRENT_PROJECT_VERSION = 1;
				ENABLE_STRICT_OBJC_MSGSEND = YES;
				GCC_C_LANGUAGE_STANDARD = gnu99;
				GCC_DYNAMIC_NO_PIC = NO;
				GCC_OPTIMIZATION_LEVEL = 0;
				GCC_PREPROCESSOR_DEFINITIONS = (
					"DEBUG=1",
					"$(inherited)",
				);
				GCC_SYMBOLS_PRIVATE_EXTERN = NO;
				GCC_WARN_64_TO_32_BIT_CONVERSION = YES;
				GCC_WARN_ABOUT_RETURN_TYPE = YES_ERROR;
				GCC_WARN_UNDECLARED_SELECTOR = YES;
				GCC_WARN_UNINITIALIZED_AUTOS = YES_AGGRESSIVE;
				GCC_WARN_UNUSED_FUNCTION = YES;
				GCC_WARN_UNUSED_VARIABLE = YES;
				IPHONEOS_DEPLOYMENT_TARGET = 8.0;
				MTL_ENABLE_DEBUG_INFO = YES;
				ONLY_ACTIVE_ARCH = YES;
				OTHER_SWIFT_FLAGS = "-D DEBUG";
				SDKROOT = iphoneos;
				SWIFT_OPTIMIZATION_LEVEL = "-Onone";
				TARGETED_DEVICE_FAMILY = "1,2";
				VERSIONING_SYSTEM = "apple-generic";
				VERSION_INFO_PREFIX = "";
			};
			name = Debug;
		};
		18839B2919D9FA8C00760157 /* Release */ = {
			isa = XCBuildConfiguration;
			buildSettings = {
				ALWAYS_SEARCH_USER_PATHS = NO;
				CLANG_CXX_LANGUAGE_STANDARD = "gnu++0x";
				CLANG_CXX_LIBRARY = "libc++";
				CLANG_ENABLE_MODULES = YES;
				CLANG_ENABLE_OBJC_ARC = YES;
				CLANG_WARN_BOOL_CONVERSION = YES;
				CLANG_WARN_CONSTANT_CONVERSION = YES;
				CLANG_WARN_DIRECT_OBJC_ISA_USAGE = YES_ERROR;
				CLANG_WARN_EMPTY_BODY = YES;
				CLANG_WARN_ENUM_CONVERSION = YES;
				CLANG_WARN_INT_CONVERSION = YES;
				CLANG_WARN_OBJC_ROOT_CLASS = YES_ERROR;
				CLANG_WARN_UNREACHABLE_CODE = YES;
				CLANG_WARN__DUPLICATE_METHOD_MATCH = YES;
				"CODE_SIGN_IDENTITY[sdk=iphoneos*]" = "iPhone Developer";
				COPY_PHASE_STRIP = YES;
				CURRENT_PROJECT_VERSION = 1;
				ENABLE_NS_ASSERTIONS = NO;
				ENABLE_STRICT_OBJC_MSGSEND = YES;
				GCC_C_LANGUAGE_STANDARD = gnu99;
				GCC_WARN_64_TO_32_BIT_CONVERSION = YES;
				GCC_WARN_ABOUT_RETURN_TYPE = YES_ERROR;
				GCC_WARN_UNDECLARED_SELECTOR = YES;
				GCC_WARN_UNINITIALIZED_AUTOS = YES_AGGRESSIVE;
				GCC_WARN_UNUSED_FUNCTION = YES;
				GCC_WARN_UNUSED_VARIABLE = YES;
				IPHONEOS_DEPLOYMENT_TARGET = 8.0;
				MTL_ENABLE_DEBUG_INFO = NO;
				OTHER_SWIFT_FLAGS = "-D DEBUG";
				SDKROOT = iphoneos;
				TARGETED_DEVICE_FAMILY = "1,2";
				VALIDATE_PRODUCT = YES;
				VERSIONING_SYSTEM = "apple-generic";
				VERSION_INFO_PREFIX = "";
			};
			name = Release;
		};
		18839B2B19D9FA8C00760157 /* Debug */ = {
			isa = XCBuildConfiguration;
			buildSettings = {
				CLANG_ENABLE_MODULES = YES;
				DEFINES_MODULE = YES;
				DYLIB_COMPATIBILITY_VERSION = 1;
				DYLIB_CURRENT_VERSION = 1;
				DYLIB_INSTALL_NAME_BASE = "@rpath";
				INFOPLIST_FILE = FrostKit/Info.plist;
				INSTALL_PATH = "$(LOCAL_LIBRARY_DIR)/Frameworks";
				LD_RUNPATH_SEARCH_PATHS = "$(inherited) @executable_path/Frameworks @loader_path/Frameworks";
				PRODUCT_NAME = "$(TARGET_NAME)";
				SKIP_INSTALL = YES;
				SWIFT_OPTIMIZATION_LEVEL = "-Onone";
			};
			name = Debug;
		};
		18839B2C19D9FA8C00760157 /* Release */ = {
			isa = XCBuildConfiguration;
			buildSettings = {
				CLANG_ENABLE_MODULES = YES;
				DEFINES_MODULE = YES;
				DYLIB_COMPATIBILITY_VERSION = 1;
				DYLIB_CURRENT_VERSION = 1;
				DYLIB_INSTALL_NAME_BASE = "@rpath";
				INFOPLIST_FILE = FrostKit/Info.plist;
				INSTALL_PATH = "$(LOCAL_LIBRARY_DIR)/Frameworks";
				LD_RUNPATH_SEARCH_PATHS = "$(inherited) @executable_path/Frameworks @loader_path/Frameworks";
				PRODUCT_NAME = "$(TARGET_NAME)";
				SKIP_INSTALL = YES;
			};
			name = Release;
		};
		18839B2E19D9FA8C00760157 /* Debug */ = {
			isa = XCBuildConfiguration;
			buildSettings = {
				FRAMEWORK_SEARCH_PATHS = (
					"$(SDKROOT)/Developer/Library/Frameworks",
					"$(inherited)",
				);
				GCC_PREPROCESSOR_DEFINITIONS = (
					"DEBUG=1",
					"$(inherited)",
				);
				INFOPLIST_FILE = FrostKitTests/Info.plist;
				LD_RUNPATH_SEARCH_PATHS = "$(inherited) @executable_path/Frameworks @loader_path/Frameworks";
				PRODUCT_NAME = "$(TARGET_NAME)";
			};
			name = Debug;
		};
		18839B2F19D9FA8C00760157 /* Release */ = {
			isa = XCBuildConfiguration;
			buildSettings = {
				FRAMEWORK_SEARCH_PATHS = (
					"$(SDKROOT)/Developer/Library/Frameworks",
					"$(inherited)",
				);
				INFOPLIST_FILE = FrostKitTests/Info.plist;
				LD_RUNPATH_SEARCH_PATHS = "$(inherited) @executable_path/Frameworks @loader_path/Frameworks";
				PRODUCT_NAME = "$(TARGET_NAME)";
			};
			name = Release;
		};
/* End XCBuildConfiguration section */

/* Begin XCConfigurationList section */
		1845E6F71A66DA03005B377D /* Build configuration list for PBXAggregateTarget "FrostKitDocs" */ = {
			isa = XCConfigurationList;
			buildConfigurations = (
				1845E6F81A66DA03005B377D /* Debug */,
				1845E6F91A66DA03005B377D /* Release */,
			);
			defaultConfigurationIsVisible = 0;
		};
		18839B1119D9FA8C00760157 /* Build configuration list for PBXProject "FrostKit" */ = {
			isa = XCConfigurationList;
			buildConfigurations = (
				18839B2819D9FA8C00760157 /* Debug */,
				18839B2919D9FA8C00760157 /* Release */,
			);
			defaultConfigurationIsVisible = 0;
			defaultConfigurationName = Release;
		};
		18839B2A19D9FA8C00760157 /* Build configuration list for PBXNativeTarget "FrostKit" */ = {
			isa = XCConfigurationList;
			buildConfigurations = (
				18839B2B19D9FA8C00760157 /* Debug */,
				18839B2C19D9FA8C00760157 /* Release */,
			);
			defaultConfigurationIsVisible = 0;
			defaultConfigurationName = Release;
		};
		18839B2D19D9FA8C00760157 /* Build configuration list for PBXNativeTarget "FrostKitTests" */ = {
			isa = XCConfigurationList;
			buildConfigurations = (
				18839B2E19D9FA8C00760157 /* Debug */,
				18839B2F19D9FA8C00760157 /* Release */,
			);
			defaultConfigurationIsVisible = 0;
			defaultConfigurationName = Release;
		};
/* End XCConfigurationList section */
	};
	rootObject = 18839B0E19D9FA8C00760157 /* Project object */;
}
