// !$*UTF8*$!
{
	archiveVersion = 1;
	classes = {
	};
	objectVersion = 46;
	objects = {

/* Begin PBXBuildFile section */
		18270FA51A858565009A2390 /* ExampleMapViewController.swift in Sources */ = {isa = PBXBuildFile; fileRef = 18270FA41A858565009A2390 /* ExampleMapViewController.swift */; };
		1828C5421B29909B004EFDA9 /* PlaceholderDetailVC.swift in Sources */ = {isa = PBXBuildFile; fileRef = 1828C5411B29909A004EFDA9 /* PlaceholderDetailVC.swift */; };
		18455EE71A8423B8001EFCE5 /* Alamofire.framework in Frameworks */ = {isa = PBXBuildFile; fileRef = 18455EDE1A8423A9001EFCE5 /* Alamofire.framework */; };
		18455EE81A8423B8001EFCE5 /* Alamofire.framework in Embed Frameworks */ = {isa = PBXBuildFile; fileRef = 18455EDE1A8423A9001EFCE5 /* Alamofire.framework */; settings = {ATTRIBUTES = (CodeSignOnCopy, RemoveHeadersOnCopy, ); }; };
		18772BEF19DD61E200F67CE7 /* AppDelegate.swift in Sources */ = {isa = PBXBuildFile; fileRef = 18772BEE19DD61E200F67CE7 /* AppDelegate.swift */; };
		18772BF419DD61E200F67CE7 /* Main.storyboard in Resources */ = {isa = PBXBuildFile; fileRef = 18772BF219DD61E200F67CE7 /* Main.storyboard */; };
		18772BF619DD61E200F67CE7 /* Images.xcassets in Resources */ = {isa = PBXBuildFile; fileRef = 18772BF519DD61E200F67CE7 /* Images.xcassets */; };
		18772BF919DD61E200F67CE7 /* LaunchScreen.xib in Resources */ = {isa = PBXBuildFile; fileRef = 18772BF719DD61E200F67CE7 /* LaunchScreen.xib */; };
		18772C1819DD637600F67CE7 /* FrostKit.framework in Frameworks */ = {isa = PBXBuildFile; fileRef = 18772C1519DD636900F67CE7 /* FrostKit.framework */; };
		18772C1919DD637600F67CE7 /* FrostKit.framework in Embed Frameworks */ = {isa = PBXBuildFile; fileRef = 18772C1519DD636900F67CE7 /* FrostKit.framework */; settings = {ATTRIBUTES = (CodeSignOnCopy, RemoveHeadersOnCopy, ); }; };
		18772C2519DD67A900F67CE7 /* MainMenuVC.swift in Sources */ = {isa = PBXBuildFile; fileRef = 18772C2319DD67A900F67CE7 /* MainMenuVC.swift */; };
		18772C2619DD67A900F67CE7 /* SocialHelperVC.swift in Sources */ = {isa = PBXBuildFile; fileRef = 18772C2419DD67A900F67CE7 /* SocialHelperVC.swift */; };
		18C3D38F1A8428990097878D /* Settings.bundle in Resources */ = {isa = PBXBuildFile; fileRef = 18C3D38D1A8428990097878D /* Settings.bundle */; };
		18E3F21F19DDDBD00032ABB7 /* WebViewControllerVC.swift in Sources */ = {isa = PBXBuildFile; fileRef = 18E3F21E19DDDBD00032ABB7 /* WebViewControllerVC.swift */; };
/* End PBXBuildFile section */

/* Begin PBXContainerItemProxy section */
		18455EDD1A8423A9001EFCE5 /* PBXContainerItemProxy */ = {
			isa = PBXContainerItemProxy;
			containerPortal = 18455ED61A8423A9001EFCE5 /* Alamofire.xcodeproj */;
			proxyType = 2;
			remoteGlobalIDString = F8111E3319A95C8B0040E7D1;
			remoteInfo = "Alamofire iOS";
		};
		18455EDF1A8423A9001EFCE5 /* PBXContainerItemProxy */ = {
			isa = PBXContainerItemProxy;
			containerPortal = 18455ED61A8423A9001EFCE5 /* Alamofire.xcodeproj */;
			proxyType = 2;
			remoteGlobalIDString = 4DD67C0B1A5C55C900ED2280;
			remoteInfo = "Alamofire OSX";
		};
		18455EE11A8423A9001EFCE5 /* PBXContainerItemProxy */ = {
			isa = PBXContainerItemProxy;
			containerPortal = 18455ED61A8423A9001EFCE5 /* Alamofire.xcodeproj */;
			proxyType = 2;
			remoteGlobalIDString = F8111E3E19A95C8B0040E7D1;
			remoteInfo = "Alamofire iOS Tests";
		};
		18455EE31A8423A9001EFCE5 /* PBXContainerItemProxy */ = {
			isa = PBXContainerItemProxy;
			containerPortal = 18455ED61A8423A9001EFCE5 /* Alamofire.xcodeproj */;
			proxyType = 2;
			remoteGlobalIDString = F829C6B21A7A94F100A2CD59;
			remoteInfo = "Alamofire OSX Tests";
		};
		18455EE91A8423B8001EFCE5 /* PBXContainerItemProxy */ = {
			isa = PBXContainerItemProxy;
			containerPortal = 18455ED61A8423A9001EFCE5 /* Alamofire.xcodeproj */;
			proxyType = 1;
			remoteGlobalIDString = F8111E3219A95C8B0040E7D1;
			remoteInfo = "Alamofire iOS";
		};
		18772C1419DD636900F67CE7 /* PBXContainerItemProxy */ = {
			isa = PBXContainerItemProxy;
			containerPortal = 18772C0F19DD636800F67CE7 /* FrostKit.xcodeproj */;
			proxyType = 2;
			remoteGlobalIDString = 18839B1719D9FA8C00760157;
			remoteInfo = FrostKit;
		};
		18772C1619DD636900F67CE7 /* PBXContainerItemProxy */ = {
			isa = PBXContainerItemProxy;
			containerPortal = 18772C0F19DD636800F67CE7 /* FrostKit.xcodeproj */;
			proxyType = 2;
			remoteGlobalIDString = 18839B2219D9FA8C00760157;
			remoteInfo = FrostKitTests;
		};
		18772C1A19DD637600F67CE7 /* PBXContainerItemProxy */ = {
			isa = PBXContainerItemProxy;
			containerPortal = 18772C0F19DD636800F67CE7 /* FrostKit.xcodeproj */;
			proxyType = 1;
			remoteGlobalIDString = 18839B1619D9FA8C00760157;
			remoteInfo = FrostKit;
		};
/* End PBXContainerItemProxy section */

/* Begin PBXCopyFilesBuildPhase section */
		18772C1C19DD637600F67CE7 /* Embed Frameworks */ = {
			isa = PBXCopyFilesBuildPhase;
			buildActionMask = 2147483647;
			dstPath = "";
			dstSubfolderSpec = 10;
			files = (
				18772C1919DD637600F67CE7 /* FrostKit.framework in Embed Frameworks */,
				18455EE81A8423B8001EFCE5 /* Alamofire.framework in Embed Frameworks */,
			);
			name = "Embed Frameworks";
			runOnlyForDeploymentPostprocessing = 0;
		};
/* End PBXCopyFilesBuildPhase section */

/* Begin PBXFileReference section */
		18270FA41A858565009A2390 /* ExampleMapViewController.swift */ = {isa = PBXFileReference; fileEncoding = 4; lastKnownFileType = sourcecode.swift; path = ExampleMapViewController.swift; sourceTree = "<group>"; };
		1828C5411B29909A004EFDA9 /* PlaceholderDetailVC.swift */ = {isa = PBXFileReference; fileEncoding = 4; lastKnownFileType = sourcecode.swift; path = PlaceholderDetailVC.swift; sourceTree = "<group>"; };
		18455ED61A8423A9001EFCE5 /* Alamofire.xcodeproj */ = {isa = PBXFileReference; lastKnownFileType = "wrapper.pb-project"; name = Alamofire.xcodeproj; path = Alamofire/Alamofire.xcodeproj; sourceTree = "<group>"; };
		18772BE919DD61E200F67CE7 /* iOS Example.app */ = {isa = PBXFileReference; explicitFileType = wrapper.application; includeInIndex = 0; path = "iOS Example.app"; sourceTree = BUILT_PRODUCTS_DIR; };
		18772BED19DD61E200F67CE7 /* Info.plist */ = {isa = PBXFileReference; lastKnownFileType = text.plist.xml; path = Info.plist; sourceTree = "<group>"; };
		18772BEE19DD61E200F67CE7 /* AppDelegate.swift */ = {isa = PBXFileReference; lastKnownFileType = sourcecode.swift; path = AppDelegate.swift; sourceTree = "<group>"; };
		18772BF319DD61E200F67CE7 /* Base */ = {isa = PBXFileReference; lastKnownFileType = file.storyboard; name = Base; path = Base.lproj/Main.storyboard; sourceTree = "<group>"; };
		18772BF519DD61E200F67CE7 /* Images.xcassets */ = {isa = PBXFileReference; lastKnownFileType = folder.assetcatalog; path = Images.xcassets; sourceTree = "<group>"; };
		18772BF819DD61E200F67CE7 /* Base */ = {isa = PBXFileReference; lastKnownFileType = file.xib; name = Base; path = Base.lproj/LaunchScreen.xib; sourceTree = "<group>"; };
		18772C0F19DD636800F67CE7 /* FrostKit.xcodeproj */ = {isa = PBXFileReference; lastKnownFileType = "wrapper.pb-project"; path = FrostKit.xcodeproj; sourceTree = "<group>"; };
		18772C2319DD67A900F67CE7 /* MainMenuVC.swift */ = {isa = PBXFileReference; fileEncoding = 4; lastKnownFileType = sourcecode.swift; path = MainMenuVC.swift; sourceTree = "<group>"; };
		18772C2419DD67A900F67CE7 /* SocialHelperVC.swift */ = {isa = PBXFileReference; fileEncoding = 4; lastKnownFileType = sourcecode.swift; path = SocialHelperVC.swift; sourceTree = "<group>"; };
		18C3D38D1A8428990097878D /* Settings.bundle */ = {isa = PBXFileReference; lastKnownFileType = "wrapper.plug-in"; path = Settings.bundle; sourceTree = "<group>"; };
		18E3F21E19DDDBD00032ABB7 /* WebViewControllerVC.swift */ = {isa = PBXFileReference; fileEncoding = 4; lastKnownFileType = sourcecode.swift; path = WebViewControllerVC.swift; sourceTree = "<group>"; };
/* End PBXFileReference section */

/* Begin PBXFrameworksBuildPhase section */
		18772BE619DD61E200F67CE7 /* Frameworks */ = {
			isa = PBXFrameworksBuildPhase;
			buildActionMask = 2147483647;
			files = (
				18772C1819DD637600F67CE7 /* FrostKit.framework in Frameworks */,
				18455EE71A8423B8001EFCE5 /* Alamofire.framework in Frameworks */,
			);
			runOnlyForDeploymentPostprocessing = 0;
		};
/* End PBXFrameworksBuildPhase section */

/* Begin PBXGroup section */
		18455ED71A8423A9001EFCE5 /* Products */ = {
			isa = PBXGroup;
			children = (
				18455EDE1A8423A9001EFCE5 /* Alamofire.framework */,
				18455EE01A8423A9001EFCE5 /* Alamofire.framework */,
				18455EE21A8423A9001EFCE5 /* Alamofire iOS Tests.xctest */,
				18455EE41A8423A9001EFCE5 /* Alamofire OSX Tests.xctest */,
			);
			name = Products;
			sourceTree = "<group>";
		};
		18772BE019DD61E200F67CE7 = {
			isa = PBXGroup;
			children = (
				18772BEB19DD61E200F67CE7 /* iOS Example */,
				18772BEA19DD61E200F67CE7 /* Products */,
				18772C0F19DD636800F67CE7 /* FrostKit.xcodeproj */,
				18455ED61A8423A9001EFCE5 /* Alamofire.xcodeproj */,
			);
			sourceTree = "<group>";
		};
		18772BEA19DD61E200F67CE7 /* Products */ = {
			isa = PBXGroup;
			children = (
				18772BE919DD61E200F67CE7 /* iOS Example.app */,
			);
			name = Products;
			sourceTree = "<group>";
		};
		18772BEB19DD61E200F67CE7 /* iOS Example */ = {
			isa = PBXGroup;
			children = (
				18C3D38D1A8428990097878D /* Settings.bundle */,
				18772BEE19DD61E200F67CE7 /* AppDelegate.swift */,
				18772BF219DD61E200F67CE7 /* Main.storyboard */,
				18772C2219DD67A900F67CE7 /* ViewControllers */,
				18772BF719DD61E200F67CE7 /* LaunchScreen.xib */,
				18772BF519DD61E200F67CE7 /* Images.xcassets */,
				18772BEC19DD61E200F67CE7 /* Supporting Files */,
			);
			path = "iOS Example";
			sourceTree = "<group>";
		};
		18772BEC19DD61E200F67CE7 /* Supporting Files */ = {
			isa = PBXGroup;
			children = (
				18772BED19DD61E200F67CE7 /* Info.plist */,
			);
			name = "Supporting Files";
			sourceTree = "<group>";
		};
		18772C1019DD636800F67CE7 /* Products */ = {
			isa = PBXGroup;
			children = (
				18772C1519DD636900F67CE7 /* FrostKit.framework */,
				18772C1719DD636900F67CE7 /* FrostKitTests.xctest */,
			);
			name = Products;
			sourceTree = "<group>";
		};
		18772C2219DD67A900F67CE7 /* ViewControllers */ = {
			isa = PBXGroup;
			children = (
				18772C2319DD67A900F67CE7 /* MainMenuVC.swift */,
				1828C5411B29909A004EFDA9 /* PlaceholderDetailVC.swift */,
				18772C2419DD67A900F67CE7 /* SocialHelperVC.swift */,
				18E3F21E19DDDBD00032ABB7 /* WebViewControllerVC.swift */,
				18270FA41A858565009A2390 /* ExampleMapViewController.swift */,
			);
			path = ViewControllers;
			sourceTree = "<group>";
		};
/* End PBXGroup section */

/* Begin PBXNativeTarget section */
		18772BE819DD61E200F67CE7 /* iOS Example */ = {
			isa = PBXNativeTarget;
			buildConfigurationList = 18772C0819DD61E200F67CE7 /* Build configuration list for PBXNativeTarget "iOS Example" */;
			buildPhases = (
				18772BE519DD61E200F67CE7 /* Sources */,
				18772BE619DD61E200F67CE7 /* Frameworks */,
				18772BE719DD61E200F67CE7 /* Resources */,
				18772C1C19DD637600F67CE7 /* Embed Frameworks */,
			);
			buildRules = (
			);
			dependencies = (
				18772C1B19DD637600F67CE7 /* PBXTargetDependency */,
				18455EEA1A8423B8001EFCE5 /* PBXTargetDependency */,
			);
			name = "iOS Example";
			productName = "iOS Example";
			productReference = 18772BE919DD61E200F67CE7 /* iOS Example.app */;
			productType = "com.apple.product-type.application";
		};
/* End PBXNativeTarget section */

/* Begin PBXProject section */
		18772BE119DD61E200F67CE7 /* Project object */ = {
			isa = PBXProject;
			attributes = {
				LastSwiftUpdateCheck = 0700;
				LastUpgradeCheck = 0700;
				ORGANIZATIONNAME = "James Barrow - Frostlight Solutions";
				TargetAttributes = {
					18772BE819DD61E200F67CE7 = {
						CreatedOnToolsVersion = 6.0.1;
					};
				};
			};
			buildConfigurationList = 18772BE419DD61E200F67CE7 /* Build configuration list for PBXProject "iOS Example" */;
			compatibilityVersion = "Xcode 3.2";
			developmentRegion = English;
			hasScannedForEncodings = 0;
			knownRegions = (
				en,
				Base,
			);
			mainGroup = 18772BE019DD61E200F67CE7;
			productRefGroup = 18772BEA19DD61E200F67CE7 /* Products */;
			projectDirPath = "";
			projectReferences = (
				{
					ProductGroup = 18455ED71A8423A9001EFCE5 /* Products */;
					ProjectRef = 18455ED61A8423A9001EFCE5 /* Alamofire.xcodeproj */;
				},
				{
					ProductGroup = 18772C1019DD636800F67CE7 /* Products */;
					ProjectRef = 18772C0F19DD636800F67CE7 /* FrostKit.xcodeproj */;
				},
			);
			projectRoot = "";
			targets = (
				18772BE819DD61E200F67CE7 /* iOS Example */,
			);
		};
/* End PBXProject section */

/* Begin PBXReferenceProxy section */
		18455EDE1A8423A9001EFCE5 /* Alamofire.framework */ = {
			isa = PBXReferenceProxy;
			fileType = wrapper.framework;
			path = Alamofire.framework;
			remoteRef = 18455EDD1A8423A9001EFCE5 /* PBXContainerItemProxy */;
			sourceTree = BUILT_PRODUCTS_DIR;
		};
		18455EE01A8423A9001EFCE5 /* Alamofire.framework */ = {
			isa = PBXReferenceProxy;
			fileType = wrapper.framework;
			path = Alamofire.framework;
			remoteRef = 18455EDF1A8423A9001EFCE5 /* PBXContainerItemProxy */;
			sourceTree = BUILT_PRODUCTS_DIR;
		};
		18455EE21A8423A9001EFCE5 /* Alamofire iOS Tests.xctest */ = {
			isa = PBXReferenceProxy;
			fileType = wrapper.cfbundle;
			path = "Alamofire iOS Tests.xctest";
			remoteRef = 18455EE11A8423A9001EFCE5 /* PBXContainerItemProxy */;
			sourceTree = BUILT_PRODUCTS_DIR;
		};
		18455EE41A8423A9001EFCE5 /* Alamofire OSX Tests.xctest */ = {
			isa = PBXReferenceProxy;
			fileType = wrapper.cfbundle;
			path = "Alamofire OSX Tests.xctest";
			remoteRef = 18455EE31A8423A9001EFCE5 /* PBXContainerItemProxy */;
			sourceTree = BUILT_PRODUCTS_DIR;
		};
		18772C1519DD636900F67CE7 /* FrostKit.framework */ = {
			isa = PBXReferenceProxy;
			fileType = wrapper.framework;
			path = FrostKit.framework;
			remoteRef = 18772C1419DD636900F67CE7 /* PBXContainerItemProxy */;
			sourceTree = BUILT_PRODUCTS_DIR;
		};
		18772C1719DD636900F67CE7 /* FrostKitTests.xctest */ = {
			isa = PBXReferenceProxy;
			fileType = wrapper.cfbundle;
			path = FrostKitTests.xctest;
			remoteRef = 18772C1619DD636900F67CE7 /* PBXContainerItemProxy */;
			sourceTree = BUILT_PRODUCTS_DIR;
		};
/* End PBXReferenceProxy section */

/* Begin PBXResourcesBuildPhase section */
		18772BE719DD61E200F67CE7 /* Resources */ = {
			isa = PBXResourcesBuildPhase;
			buildActionMask = 2147483647;
			files = (
				18772BF419DD61E200F67CE7 /* Main.storyboard in Resources */,
				18C3D38F1A8428990097878D /* Settings.bundle in Resources */,
				18772BF919DD61E200F67CE7 /* LaunchScreen.xib in Resources */,
				18772BF619DD61E200F67CE7 /* Images.xcassets in Resources */,
			);
			runOnlyForDeploymentPostprocessing = 0;
		};
/* End PBXResourcesBuildPhase section */

/* Begin PBXSourcesBuildPhase section */
		18772BE519DD61E200F67CE7 /* Sources */ = {
			isa = PBXSourcesBuildPhase;
			buildActionMask = 2147483647;
			files = (
				18E3F21F19DDDBD00032ABB7 /* WebViewControllerVC.swift in Sources */,
				18772BEF19DD61E200F67CE7 /* AppDelegate.swift in Sources */,
				18772C2619DD67A900F67CE7 /* SocialHelperVC.swift in Sources */,
				1828C5421B29909B004EFDA9 /* PlaceholderDetailVC.swift in Sources */,
				18270FA51A858565009A2390 /* ExampleMapViewController.swift in Sources */,
				18772C2519DD67A900F67CE7 /* MainMenuVC.swift in Sources */,
			);
			runOnlyForDeploymentPostprocessing = 0;
		};
/* End PBXSourcesBuildPhase section */

/* Begin PBXTargetDependency section */
		18455EEA1A8423B8001EFCE5 /* PBXTargetDependency */ = {
			isa = PBXTargetDependency;
			name = "Alamofire iOS";
			targetProxy = 18455EE91A8423B8001EFCE5 /* PBXContainerItemProxy */;
		};
		18772C1B19DD637600F67CE7 /* PBXTargetDependency */ = {
			isa = PBXTargetDependency;
			name = FrostKit;
			targetProxy = 18772C1A19DD637600F67CE7 /* PBXContainerItemProxy */;
		};
/* End PBXTargetDependency section */

/* Begin PBXVariantGroup section */
		18772BF219DD61E200F67CE7 /* Main.storyboard */ = {
			isa = PBXVariantGroup;
			children = (
				18772BF319DD61E200F67CE7 /* Base */,
			);
			name = Main.storyboard;
			sourceTree = "<group>";
		};
		18772BF719DD61E200F67CE7 /* LaunchScreen.xib */ = {
			isa = PBXVariantGroup;
			children = (
				18772BF819DD61E200F67CE7 /* Base */,
			);
			name = LaunchScreen.xib;
			sourceTree = "<group>";
		};
/* End PBXVariantGroup section */

/* Begin XCBuildConfiguration section */
		18772C0619DD61E200F67CE7 /* Debug */ = {
			isa = XCBuildConfiguration;
			buildSettings = {
				ALWAYS_SEARCH_USER_PATHS = NO;
				CLANG_CXX_LANGUAGE_STANDARD = "gnu++0x";
				CLANG_CXX_LIBRARY = "libc++";
				CLANG_ENABLE_MODULES = YES;
				CLANG_ENABLE_OBJC_ARC = YES;
				CLANG_WARN_BOOL_CONVERSION = YES;
				CLANG_WARN_CONSTANT_CONVERSION = YES;
				CLANG_WARN_DIRECT_OBJC_ISA_USAGE = YES_ERROR;
				CLANG_WARN_EMPTY_BODY = YES;
				CLANG_WARN_ENUM_CONVERSION = YES;
				CLANG_WARN_INT_CONVERSION = YES;
				CLANG_WARN_OBJC_ROOT_CLASS = YES_ERROR;
				CLANG_WARN_UNREACHABLE_CODE = YES;
				CLANG_WARN__DUPLICATE_METHOD_MATCH = YES;
				"CODE_SIGN_IDENTITY[sdk=iphoneos*]" = "iPhone Developer";
				COPY_PHASE_STRIP = NO;
				ENABLE_STRICT_OBJC_MSGSEND = YES;
				ENABLE_TESTABILITY = YES;
				GCC_C_LANGUAGE_STANDARD = gnu99;
				GCC_DYNAMIC_NO_PIC = NO;
				GCC_OPTIMIZATION_LEVEL = 0;
				GCC_PREPROCESSOR_DEFINITIONS = (
					"DEBUG=1",
					"$(inherited)",
				);
				GCC_SYMBOLS_PRIVATE_EXTERN = NO;
				GCC_WARN_64_TO_32_BIT_CONVERSION = YES;
				GCC_WARN_ABOUT_RETURN_TYPE = YES_ERROR;
				GCC_WARN_UNDECLARED_SELECTOR = YES;
				GCC_WARN_UNINITIALIZED_AUTOS = YES_AGGRESSIVE;
				GCC_WARN_UNUSED_FUNCTION = YES;
				GCC_WARN_UNUSED_VARIABLE = YES;
				IPHONEOS_DEPLOYMENT_TARGET = 8.0;
				MTL_ENABLE_DEBUG_INFO = YES;
				ONLY_ACTIVE_ARCH = YES;
				SDKROOT = iphoneos;
				SWIFT_OPTIMIZATION_LEVEL = "-Onone";
			};
			name = Debug;
		};
		18772C0719DD61E200F67CE7 /* Release */ = {
			isa = XCBuildConfiguration;
			buildSettings = {
				ALWAYS_SEARCH_USER_PATHS = NO;
				CLANG_CXX_LANGUAGE_STANDARD = "gnu++0x";
				CLANG_CXX_LIBRARY = "libc++";
				CLANG_ENABLE_MODULES = YES;
				CLANG_ENABLE_OBJC_ARC = YES;
				CLANG_WARN_BOOL_CONVERSION = YES;
				CLANG_WARN_CONSTANT_CONVERSION = YES;
				CLANG_WARN_DIRECT_OBJC_ISA_USAGE = YES_ERROR;
				CLANG_WARN_EMPTY_BODY = YES;
				CLANG_WARN_ENUM_CONVERSION = YES;
				CLANG_WARN_INT_CONVERSION = YES;
				CLANG_WARN_OBJC_ROOT_CLASS = YES_ERROR;
				CLANG_WARN_UNREACHABLE_CODE = YES;
				CLANG_WARN__DUPLICATE_METHOD_MATCH = YES;
				"CODE_SIGN_IDENTITY[sdk=iphoneos*]" = "iPhone Developer";
				COPY_PHASE_STRIP = YES;
				ENABLE_NS_ASSERTIONS = NO;
				ENABLE_STRICT_OBJC_MSGSEND = YES;
				GCC_C_LANGUAGE_STANDARD = gnu99;
				GCC_WARN_64_TO_32_BIT_CONVERSION = YES;
				GCC_WARN_ABOUT_RETURN_TYPE = YES_ERROR;
				GCC_WARN_UNDECLARED_SELECTOR = YES;
				GCC_WARN_UNINITIALIZED_AUTOS = YES_AGGRESSIVE;
				GCC_WARN_UNUSED_FUNCTION = YES;
				GCC_WARN_UNUSED_VARIABLE = YES;
				IPHONEOS_DEPLOYMENT_TARGET = 8.0;
				MTL_ENABLE_DEBUG_INFO = NO;
				SDKROOT = iphoneos;
				VALIDATE_PRODUCT = YES;
			};
			name = Release;
		};
		18772C0919DD61E200F67CE7 /* Debug */ = {
			isa = XCBuildConfiguration;
			buildSettings = {
				ASSETCATALOG_COMPILER_APPICON_NAME = AppIcon;
				EMBEDDED_CONTENT_CONTAINS_SWIFT = YES;
				INFOPLIST_FILE = "iOS Example/Info.plist";
				LD_RUNPATH_SEARCH_PATHS = "$(inherited) @executable_path/Frameworks";
				PRODUCT_BUNDLE_IDENTIFIER = "com.Frostlight.$(PRODUCT_NAME:rfc1034identifier)";
				PRODUCT_NAME = "$(TARGET_NAME)";
				TARGETED_DEVICE_FAMILY = "1,2";
			};
			name = Debug;
		};
		18772C0A19DD61E200F67CE7 /* Release */ = {
			isa = XCBuildConfiguration;
			buildSettings = {
				ASSETCATALOG_COMPILER_APPICON_NAME = AppIcon;
				EMBEDDED_CONTENT_CONTAINS_SWIFT = YES;
				INFOPLIST_FILE = "iOS Example/Info.plist";
				LD_RUNPATH_SEARCH_PATHS = "$(inherited) @executable_path/Frameworks";
				PRODUCT_BUNDLE_IDENTIFIER = "com.Frostlight.$(PRODUCT_NAME:rfc1034identifier)";
				PRODUCT_NAME = "$(TARGET_NAME)";
				TARGETED_DEVICE_FAMILY = "1,2";
			};
			name = Release;
		};
/* End XCBuildConfiguration section */

/* Begin XCConfigurationList section */
		18772BE419DD61E200F67CE7 /* Build configuration list for PBXProject "iOS Example" */ = {
			isa = XCConfigurationList;
			buildConfigurations = (
				18772C0619DD61E200F67CE7 /* Debug */,
				18772C0719DD61E200F67CE7 /* Release */,
			);
			defaultConfigurationIsVisible = 0;
			defaultConfigurationName = Release;
		};
		18772C0819DD61E200F67CE7 /* Build configuration list for PBXNativeTarget "iOS Example" */ = {
			isa = XCConfigurationList;
			buildConfigurations = (
				18772C0919DD61E200F67CE7 /* Debug */,
				18772C0A19DD61E200F67CE7 /* Release */,
			);
			defaultConfigurationIsVisible = 0;
			defaultConfigurationName = Release;
		};
/* End XCConfigurationList section */
	};
	rootObject = 18772BE119DD61E200F67CE7 /* Project object */;
}
