// !$*UTF8*$!
{
	archiveVersion = 1;
	classes = {
	};
	objectVersion = 46;
	objects = {

/* Begin PBXBuildFile section */
		18270FA51A858565009A2390 /* ExampleMapViewController.swift in Sources */ = {isa = PBXBuildFile; fileRef = 18270FA41A858565009A2390 /* ExampleMapViewController.swift */; };
		1828C5421B29909B004EFDA9 /* PlaceholderDetailVC.swift in Sources */ = {isa = PBXBuildFile; fileRef = 1828C5411B29909A004EFDA9 /* PlaceholderDetailVC.swift */; };
		1838F1AC1C76137100F1233D /* FrostKit.framework in Frameworks */ = {isa = PBXBuildFile; fileRef = 1838F19B1C7612D400F1233D /* FrostKit.framework */; };
		1838F1AD1C76137100F1233D /* FrostKit.framework in Embed Frameworks */ = {isa = PBXBuildFile; fileRef = 1838F19B1C7612D400F1233D /* FrostKit.framework */; settings = {ATTRIBUTES = (CodeSignOnCopy, RemoveHeadersOnCopy, ); }; };
		18772BEF19DD61E200F67CE7 /* AppDelegate.swift in Sources */ = {isa = PBXBuildFile; fileRef = 18772BEE19DD61E200F67CE7 /* AppDelegate.swift */; };
		18772BF419DD61E200F67CE7 /* Main.storyboard in Resources */ = {isa = PBXBuildFile; fileRef = 18772BF219DD61E200F67CE7 /* Main.storyboard */; };
		18772BF919DD61E200F67CE7 /* LaunchScreen.xib in Resources */ = {isa = PBXBuildFile; fileRef = 18772BF719DD61E200F67CE7 /* LaunchScreen.xib */; };
		18772C2519DD67A900F67CE7 /* MainMenuVC.swift in Sources */ = {isa = PBXBuildFile; fileRef = 18772C2319DD67A900F67CE7 /* MainMenuVC.swift */; };
		18772C2619DD67A900F67CE7 /* SocialHelperVC.swift in Sources */ = {isa = PBXBuildFile; fileRef = 18772C2419DD67A900F67CE7 /* SocialHelperVC.swift */; };
		18C3D38F1A8428990097878D /* Settings.bundle in Resources */ = {isa = PBXBuildFile; fileRef = 18C3D38D1A8428990097878D /* Settings.bundle */; };
		18D2FD25214D554400A50C8E /* NetworkActivityIndicatorManager.swift in Sources */ = {isa = PBXBuildFile; fileRef = 18D2FD22214D554400A50C8E /* NetworkActivityIndicatorManager.swift */; };
		18E3F21F19DDDBD00032ABB7 /* WebViewControllerVC.swift in Sources */ = {isa = PBXBuildFile; fileRef = 18E3F21E19DDDBD00032ABB7 /* WebViewControllerVC.swift */; };
		66E14D0B1D7320A70053596B /* CollectionViewController.swift in Sources */ = {isa = PBXBuildFile; fileRef = 66E14D0A1D7320A70053596B /* CollectionViewController.swift */; };
/* End PBXBuildFile section */

/* Begin PBXContainerItemProxy section */
		1838F19A1C7612D400F1233D /* PBXContainerItemProxy */ = {
			isa = PBXContainerItemProxy;
			containerPortal = 1838F1911C7612D400F1233D /* FrostKit.xcodeproj */;
			proxyType = 2;
			remoteGlobalIDString = 18839B1719D9FA8C00760157;
			remoteInfo = "FrostKit iOS";
		};
		1838F19C1C7612D400F1233D /* PBXContainerItemProxy */ = {
			isa = PBXContainerItemProxy;
			containerPortal = 1838F1911C7612D400F1233D /* FrostKit.xcodeproj */;
			proxyType = 2;
			remoteGlobalIDString = 1829A80C1BA2CD380017E4EE;
			remoteInfo = "FrostKit watchOS";
		};
		1838F19E1C7612D400F1233D /* PBXContainerItemProxy */ = {
			isa = PBXContainerItemProxy;
			containerPortal = 1838F1911C7612D400F1233D /* FrostKit.xcodeproj */;
			proxyType = 2;
			remoteGlobalIDString = 1826B0261BD9047900DA1669;
			remoteInfo = "FrostKit tvOS";
		};
		1838F1A01C7612D400F1233D /* PBXContainerItemProxy */ = {
			isa = PBXContainerItemProxy;
			containerPortal = 1838F1911C7612D400F1233D /* FrostKit.xcodeproj */;
			proxyType = 2;
			remoteGlobalIDString = 18839B2219D9FA8C00760157;
			remoteInfo = FrostKitTests;
		};
		1838F1AE1C76137100F1233D /* PBXContainerItemProxy */ = {
			isa = PBXContainerItemProxy;
			containerPortal = 1838F1911C7612D400F1233D /* FrostKit.xcodeproj */;
			proxyType = 1;
			remoteGlobalIDString = 18839B1619D9FA8C00760157;
			remoteInfo = "FrostKit iOS";
		};
		66E14D141D7320A80053596B /* PBXContainerItemProxy */ = {
			isa = PBXContainerItemProxy;
			containerPortal = 1838F1911C7612D400F1233D /* FrostKit.xcodeproj */;
			proxyType = 2;
			remoteGlobalIDString = 18E5459D1C77E53F00637E85;
			remoteInfo = "FrostKit OS X";
		};
		66E14D161D7320A80053596B /* PBXContainerItemProxy */ = {
			isa = PBXContainerItemProxy;
			containerPortal = 1838F1911C7612D400F1233D /* FrostKit.xcodeproj */;
			proxyType = 2;
			remoteGlobalIDString = 18D54BE91CE6439300D365C6;
			remoteInfo = "FrostKit tvOS Tests";
		};
		66E14D181D7320A80053596B /* PBXContainerItemProxy */ = {
			isa = PBXContainerItemProxy;
			containerPortal = 1838F1911C7612D400F1233D /* FrostKit.xcodeproj */;
			proxyType = 2;
			remoteGlobalIDString = 18E545A61C77E54000637E85;
			remoteInfo = "FrostKit OS X Tests";
		};
/* End PBXContainerItemProxy section */

/* Begin PBXCopyFilesBuildPhase section */
		18772C1C19DD637600F67CE7 /* Embed Frameworks */ = {
			isa = PBXCopyFilesBuildPhase;
			buildActionMask = 2147483647;
			dstPath = "";
			dstSubfolderSpec = 10;
			files = (
				1838F1AD1C76137100F1233D /* FrostKit.framework in Embed Frameworks */,
			);
			name = "Embed Frameworks";
			runOnlyForDeploymentPostprocessing = 0;
		};
/* End PBXCopyFilesBuildPhase section */

/* Begin PBXFileReference section */
		18270FA41A858565009A2390 /* ExampleMapViewController.swift */ = {isa = PBXFileReference; fileEncoding = 4; lastKnownFileType = sourcecode.swift; path = ExampleMapViewController.swift; sourceTree = "<group>"; };
		1828C5411B29909A004EFDA9 /* PlaceholderDetailVC.swift */ = {isa = PBXFileReference; fileEncoding = 4; lastKnownFileType = sourcecode.swift; path = PlaceholderDetailVC.swift; sourceTree = "<group>"; };
		1838F1911C7612D400F1233D /* FrostKit.xcodeproj */ = {isa = PBXFileReference; lastKnownFileType = "wrapper.pb-project"; path = FrostKit.xcodeproj; sourceTree = "<group>"; };
		18772BE919DD61E200F67CE7 /* iOS Example.app */ = {isa = PBXFileReference; explicitFileType = wrapper.application; includeInIndex = 0; path = "iOS Example.app"; sourceTree = BUILT_PRODUCTS_DIR; };
		18772BED19DD61E200F67CE7 /* Info.plist */ = {isa = PBXFileReference; lastKnownFileType = text.plist.xml; path = Info.plist; sourceTree = "<group>"; };
		18772BEE19DD61E200F67CE7 /* AppDelegate.swift */ = {isa = PBXFileReference; lastKnownFileType = sourcecode.swift; path = AppDelegate.swift; sourceTree = "<group>"; };
		18772BF319DD61E200F67CE7 /* Base */ = {isa = PBXFileReference; lastKnownFileType = file.storyboard; name = Base; path = Base.lproj/Main.storyboard; sourceTree = "<group>"; };
		18772BF519DD61E200F67CE7 /* Images.xcassets */ = {isa = PBXFileReference; lastKnownFileType = folder.assetcatalog; path = Images.xcassets; sourceTree = "<group>"; };
		18772BF819DD61E200F67CE7 /* Base */ = {isa = PBXFileReference; lastKnownFileType = file.xib; name = Base; path = Base.lproj/LaunchScreen.xib; sourceTree = "<group>"; };
		18772C2319DD67A900F67CE7 /* MainMenuVC.swift */ = {isa = PBXFileReference; fileEncoding = 4; lastKnownFileType = sourcecode.swift; path = MainMenuVC.swift; sourceTree = "<group>"; };
		18772C2419DD67A900F67CE7 /* SocialHelperVC.swift */ = {isa = PBXFileReference; fileEncoding = 4; lastKnownFileType = sourcecode.swift; path = SocialHelperVC.swift; sourceTree = "<group>"; };
		18C3D38D1A8428990097878D /* Settings.bundle */ = {isa = PBXFileReference; lastKnownFileType = "wrapper.plug-in"; path = Settings.bundle; sourceTree = "<group>"; };
		18D2FD22214D554400A50C8E /* NetworkActivityIndicatorManager.swift */ = {isa = PBXFileReference; fileEncoding = 4; lastKnownFileType = sourcecode.swift; name = NetworkActivityIndicatorManager.swift; path = FrostKit/ExternalExtensions/NetworkActivityIndicatorManager.swift; sourceTree = SOURCE_ROOT; };
		18E3F21E19DDDBD00032ABB7 /* WebViewControllerVC.swift */ = {isa = PBXFileReference; fileEncoding = 4; lastKnownFileType = sourcecode.swift; path = WebViewControllerVC.swift; sourceTree = "<group>"; };
		66E14D0A1D7320A70053596B /* CollectionViewController.swift */ = {isa = PBXFileReference; fileEncoding = 4; lastKnownFileType = sourcecode.swift; path = CollectionViewController.swift; sourceTree = "<group>"; };
/* End PBXFileReference section */

/* Begin PBXFrameworksBuildPhase section */
		18772BE619DD61E200F67CE7 /* Frameworks */ = {
			isa = PBXFrameworksBuildPhase;
			buildActionMask = 2147483647;
			files = (
				1838F1AC1C76137100F1233D /* FrostKit.framework in Frameworks */,
			);
			runOnlyForDeploymentPostprocessing = 0;
		};
/* End PBXFrameworksBuildPhase section */

/* Begin PBXGroup section */
		1838F1921C7612D400F1233D /* Products */ = {
			isa = PBXGroup;
			children = (
				1838F19B1C7612D400F1233D /* FrostKit.framework */,
				1838F19D1C7612D400F1233D /* FrostKit.framework */,
				1838F19F1C7612D400F1233D /* FrostKit.framework */,
				66E14D151D7320A80053596B /* FrostKit.framework */,
				1838F1A11C7612D400F1233D /* FrostKit iOS Tests.xctest */,
				66E14D171D7320A80053596B /* FrostKit tvOS Tests.xctest */,
				66E14D191D7320A80053596B /* FrostKit macOS Tests.xctest */,
			);
			name = Products;
			sourceTree = "<group>";
		};
		18772BE019DD61E200F67CE7 = {
			isa = PBXGroup;
			children = (
				18772BEB19DD61E200F67CE7 /* iOS Example */,
				18772BEA19DD61E200F67CE7 /* Products */,
				1838F1911C7612D400F1233D /* FrostKit.xcodeproj */,
			);
			sourceTree = "<group>";
		};
		18772BEA19DD61E200F67CE7 /* Products */ = {
			isa = PBXGroup;
			children = (
				18772BE919DD61E200F67CE7 /* iOS Example.app */,
			);
			name = Products;
			sourceTree = "<group>";
		};
		18772BEB19DD61E200F67CE7 /* iOS Example */ = {
			isa = PBXGroup;
			children = (
				18C3D38D1A8428990097878D /* Settings.bundle */,
				18772BEE19DD61E200F67CE7 /* AppDelegate.swift */,
				18772BF219DD61E200F67CE7 /* Main.storyboard */,
				18772C2219DD67A900F67CE7 /* ViewControllers */,
				18D2FD20214D553100A50C8E /* External Extensions */,
				18772BF719DD61E200F67CE7 /* LaunchScreen.xib */,
				18772BF519DD61E200F67CE7 /* Images.xcassets */,
				18772BEC19DD61E200F67CE7 /* Supporting Files */,
			);
			path = "iOS Example";
			sourceTree = "<group>";
		};
		18772BEC19DD61E200F67CE7 /* Supporting Files */ = {
			isa = PBXGroup;
			children = (
				18772BED19DD61E200F67CE7 /* Info.plist */,
			);
			name = "Supporting Files";
			sourceTree = "<group>";
		};
		18772C2219DD67A900F67CE7 /* ViewControllers */ = {
			isa = PBXGroup;
			children = (
				18772C2319DD67A900F67CE7 /* MainMenuVC.swift */,
				1828C5411B29909A004EFDA9 /* PlaceholderDetailVC.swift */,
				18772C2419DD67A900F67CE7 /* SocialHelperVC.swift */,
				18E3F21E19DDDBD00032ABB7 /* WebViewControllerVC.swift */,
				18270FA41A858565009A2390 /* ExampleMapViewController.swift */,
				66E14D0A1D7320A70053596B /* CollectionViewController.swift */,
			);
			path = ViewControllers;
			sourceTree = "<group>";
		};
		18D2FD20214D553100A50C8E /* External Extensions */ = {
			isa = PBXGroup;
			children = (
				18D2FD22214D554400A50C8E /* NetworkActivityIndicatorManager.swift */,
			);
			name = "External Extensions";
			sourceTree = "<group>";
		};
/* End PBXGroup section */

/* Begin PBXNativeTarget section */
		18772BE819DD61E200F67CE7 /* iOS Example */ = {
			isa = PBXNativeTarget;
			buildConfigurationList = 18772C0819DD61E200F67CE7 /* Build configuration list for PBXNativeTarget "iOS Example" */;
			buildPhases = (
				18772BE519DD61E200F67CE7 /* Sources */,
				18772BE619DD61E200F67CE7 /* Frameworks */,
				18772BE719DD61E200F67CE7 /* Resources */,
				18772C1C19DD637600F67CE7 /* Embed Frameworks */,
			);
			buildRules = (
			);
			dependencies = (
				1838F1AF1C76137100F1233D /* PBXTargetDependency */,
			);
			name = "iOS Example";
			productName = "iOS Example";
			productReference = 18772BE919DD61E200F67CE7 /* iOS Example.app */;
			productType = "com.apple.product-type.application";
		};
/* End PBXNativeTarget section */

/* Begin PBXProject section */
		18772BE119DD61E200F67CE7 /* Project object */ = {
			isa = PBXProject;
			attributes = {
				LastSwiftUpdateCheck = 0700;
				LastUpgradeCheck = 1000;
				ORGANIZATIONNAME = "James Barrow - Frostlight Solutions";
				TargetAttributes = {
					18772BE819DD61E200F67CE7 = {
						CreatedOnToolsVersion = 6.0.1;
						DevelopmentTeam = 6WJM49JAZT;
						LastSwiftMigration = 1000;
						ProvisioningStyle = Automatic;
					};
				};
			};
			buildConfigurationList = 18772BE419DD61E200F67CE7 /* Build configuration list for PBXProject "iOS Example" */;
			compatibilityVersion = "Xcode 3.2";
			developmentRegion = English;
			hasScannedForEncodings = 0;
			knownRegions = (
				en,
				Base,
			);
			mainGroup = 18772BE019DD61E200F67CE7;
			productRefGroup = 18772BEA19DD61E200F67CE7 /* Products */;
			projectDirPath = "";
			projectReferences = (
				{
					ProductGroup = 1838F1921C7612D400F1233D /* Products */;
					ProjectRef = 1838F1911C7612D400F1233D /* FrostKit.xcodeproj */;
				},
			);
			projectRoot = "";
			targets = (
				18772BE819DD61E200F67CE7 /* iOS Example */,
			);
		};
/* End PBXProject section */

/* Begin PBXReferenceProxy section */
		1838F19B1C7612D400F1233D /* FrostKit.framework */ = {
			isa = PBXReferenceProxy;
			fileType = wrapper.framework;
			path = FrostKit.framework;
			remoteRef = 1838F19A1C7612D400F1233D /* PBXContainerItemProxy */;
			sourceTree = BUILT_PRODUCTS_DIR;
		};
		1838F19D1C7612D400F1233D /* FrostKit.framework */ = {
			isa = PBXReferenceProxy;
			fileType = wrapper.framework;
			path = FrostKit.framework;
			remoteRef = 1838F19C1C7612D400F1233D /* PBXContainerItemProxy */;
			sourceTree = BUILT_PRODUCTS_DIR;
		};
		1838F19F1C7612D400F1233D /* FrostKit.framework */ = {
			isa = PBXReferenceProxy;
			fileType = wrapper.framework;
			path = FrostKit.framework;
			remoteRef = 1838F19E1C7612D400F1233D /* PBXContainerItemProxy */;
			sourceTree = BUILT_PRODUCTS_DIR;
		};
		1838F1A11C7612D400F1233D /* FrostKit iOS Tests.xctest */ = {
			isa = PBXReferenceProxy;
			fileType = wrapper.cfbundle;
			path = "FrostKit iOS Tests.xctest";
			remoteRef = 1838F1A01C7612D400F1233D /* PBXContainerItemProxy */;
			sourceTree = BUILT_PRODUCTS_DIR;
		};
		66E14D151D7320A80053596B /* FrostKit.framework */ = {
			isa = PBXReferenceProxy;
			fileType = wrapper.framework;
			path = FrostKit.framework;
			remoteRef = 66E14D141D7320A80053596B /* PBXContainerItemProxy */;
			sourceTree = BUILT_PRODUCTS_DIR;
		};
		66E14D171D7320A80053596B /* FrostKit tvOS Tests.xctest */ = {
			isa = PBXReferenceProxy;
			fileType = wrapper.cfbundle;
			path = "FrostKit tvOS Tests.xctest";
			remoteRef = 66E14D161D7320A80053596B /* PBXContainerItemProxy */;
			sourceTree = BUILT_PRODUCTS_DIR;
		};
		66E14D191D7320A80053596B /* FrostKit macOS Tests.xctest */ = {
			isa = PBXReferenceProxy;
			fileType = wrapper.cfbundle;
			path = "FrostKit macOS Tests.xctest";
			remoteRef = 66E14D181D7320A80053596B /* PBXContainerItemProxy */;
			sourceTree = BUILT_PRODUCTS_DIR;
		};
/* End PBXReferenceProxy section */

/* Begin PBXResourcesBuildPhase section */
		18772BE719DD61E200F67CE7 /* Resources */ = {
			isa = PBXResourcesBuildPhase;
			buildActionMask = 2147483647;
			files = (
				18772BF419DD61E200F67CE7 /* Main.storyboard in Resources */,
				18C3D38F1A8428990097878D /* Settings.bundle in Resources */,
				18772BF919DD61E200F67CE7 /* LaunchScreen.xib in Resources */,
			);
			runOnlyForDeploymentPostprocessing = 0;
		};
/* End PBXResourcesBuildPhase section */

/* Begin PBXSourcesBuildPhase section */
		18772BE519DD61E200F67CE7 /* Sources */ = {
			isa = PBXSourcesBuildPhase;
			buildActionMask = 2147483647;
			files = (
				18E3F21F19DDDBD00032ABB7 /* WebViewControllerVC.swift in Sources */,
				18772BEF19DD61E200F67CE7 /* AppDelegate.swift in Sources */,
				18772C2619DD67A900F67CE7 /* SocialHelperVC.swift in Sources */,
				1828C5421B29909B004EFDA9 /* PlaceholderDetailVC.swift in Sources */,
				66E14D0B1D7320A70053596B /* CollectionViewController.swift in Sources */,
				18D2FD25214D554400A50C8E /* NetworkActivityIndicatorManager.swift in Sources */,
				18270FA51A858565009A2390 /* ExampleMapViewController.swift in Sources */,
				18772C2519DD67A900F67CE7 /* MainMenuVC.swift in Sources */,
			);
			runOnlyForDeploymentPostprocessing = 0;
		};
/* End PBXSourcesBuildPhase section */

/* Begin PBXTargetDependency section */
		1838F1AF1C76137100F1233D /* PBXTargetDependency */ = {
			isa = PBXTargetDependency;
			name = "FrostKit iOS";
			targetProxy = 1838F1AE1C76137100F1233D /* PBXContainerItemProxy */;
		};
/* End PBXTargetDependency section */

/* Begin PBXVariantGroup section */
		18772BF219DD61E200F67CE7 /* Main.storyboard */ = {
			isa = PBXVariantGroup;
			children = (
				18772BF319DD61E200F67CE7 /* Base */,
			);
			name = Main.storyboard;
			sourceTree = "<group>";
		};
		18772BF719DD61E200F67CE7 /* LaunchScreen.xib */ = {
			isa = PBXVariantGroup;
			children = (
				18772BF819DD61E200F67CE7 /* Base */,
			);
			name = LaunchScreen.xib;
			sourceTree = "<group>";
		};
/* End PBXVariantGroup section */

/* Begin XCBuildConfiguration section */
		18772C0619DD61E200F67CE7 /* Debug */ = {
			isa = XCBuildConfiguration;
			buildSettings = {
				ALWAYS_SEARCH_USER_PATHS = NO;
				CLANG_CXX_LANGUAGE_STANDARD = "gnu++0x";
				CLANG_CXX_LIBRARY = "libc++";
				CLANG_ENABLE_MODULES = YES;
				CLANG_ENABLE_OBJC_ARC = YES;
				CLANG_WARN_BLOCK_CAPTURE_AUTORELEASING = YES;
				CLANG_WARN_BOOL_CONVERSION = YES;
				CLANG_WARN_COMMA = YES;
				CLANG_WARN_CONSTANT_CONVERSION = YES;
				CLANG_WARN_DEPRECATED_OBJC_IMPLEMENTATIONS = YES;
				CLANG_WARN_DIRECT_OBJC_ISA_USAGE = YES_ERROR;
				CLANG_WARN_EMPTY_BODY = YES;
				CLANG_WARN_ENUM_CONVERSION = YES;
				CLANG_WARN_INFINITE_RECURSION = YES;
				CLANG_WARN_INT_CONVERSION = YES;
				CLANG_WARN_NON_LITERAL_NULL_CONVERSION = YES;
				CLANG_WARN_OBJC_IMPLICIT_RETAIN_SELF = YES;
				CLANG_WARN_OBJC_LITERAL_CONVERSION = YES;
				CLANG_WARN_OBJC_ROOT_CLASS = YES_ERROR;
				CLANG_WARN_RANGE_LOOP_ANALYSIS = YES;
				CLANG_WARN_STRICT_PROTOTYPES = YES;
				CLANG_WARN_SUSPICIOUS_MOVE = YES;
				CLANG_WARN_UNREACHABLE_CODE = YES;
				CLANG_WARN__DUPLICATE_METHOD_MATCH = YES;
				"CODE_SIGN_IDENTITY[sdk=iphoneos*]" = "iPhone Developer";
				COPY_PHASE_STRIP = NO;
				ENABLE_STRICT_OBJC_MSGSEND = YES;
				ENABLE_TESTABILITY = YES;
				GCC_C_LANGUAGE_STANDARD = gnu99;
				GCC_DYNAMIC_NO_PIC = NO;
				GCC_NO_COMMON_BLOCKS = YES;
				GCC_OPTIMIZATION_LEVEL = 0;
				GCC_PREPROCESSOR_DEFINITIONS = (
					"DEBUG=1",
					"$(inherited)",
				);
				GCC_SYMBOLS_PRIVATE_EXTERN = NO;
				GCC_WARN_64_TO_32_BIT_CONVERSION = YES;
				GCC_WARN_ABOUT_RETURN_TYPE = YES_ERROR;
				GCC_WARN_UNDECLARED_SELECTOR = YES;
				GCC_WARN_UNINITIALIZED_AUTOS = YES_AGGRESSIVE;
				GCC_WARN_UNUSED_FUNCTION = YES;
				GCC_WARN_UNUSED_VARIABLE = YES;
				IPHONEOS_DEPLOYMENT_TARGET = 8.0;
				MTL_ENABLE_DEBUG_INFO = YES;
				ONLY_ACTIVE_ARCH = YES;
				SDKROOT = iphoneos;
				SWIFT_OPTIMIZATION_LEVEL = "-Onone";
			};
			name = Debug;
		};
		18772C0719DD61E200F67CE7 /* Release */ = {
			isa = XCBuildConfiguration;
			buildSettings = {
				ALWAYS_SEARCH_USER_PATHS = NO;
				CLANG_CXX_LANGUAGE_STANDARD = "gnu++0x";
				CLANG_CXX_LIBRARY = "libc++";
				CLANG_ENABLE_MODULES = YES;
				CLANG_ENABLE_OBJC_ARC = YES;
				CLANG_WARN_BLOCK_CAPTURE_AUTORELEASING = YES;
				CLANG_WARN_BOOL_CONVERSION = YES;
				CLANG_WARN_COMMA = YES;
				CLANG_WARN_CONSTANT_CONVERSION = YES;
				CLANG_WARN_DEPRECATED_OBJC_IMPLEMENTATIONS = YES;
				CLANG_WARN_DIRECT_OBJC_ISA_USAGE = YES_ERROR;
				CLANG_WARN_EMPTY_BODY = YES;
				CLANG_WARN_ENUM_CONVERSION = YES;
				CLANG_WARN_INFINITE_RECURSION = YES;
				CLANG_WARN_INT_CONVERSION = YES;
				CLANG_WARN_NON_LITERAL_NULL_CONVERSION = YES;
				CLANG_WARN_OBJC_IMPLICIT_RETAIN_SELF = YES;
				CLANG_WARN_OBJC_LITERAL_CONVERSION = YES;
				CLANG_WARN_OBJC_ROOT_CLASS = YES_ERROR;
				CLANG_WARN_RANGE_LOOP_ANALYSIS = YES;
				CLANG_WARN_STRICT_PROTOTYPES = YES;
				CLANG_WARN_SUSPICIOUS_MOVE = YES;
				CLANG_WARN_UNREACHABLE_CODE = YES;
				CLANG_WARN__DUPLICATE_METHOD_MATCH = YES;
				"CODE_SIGN_IDENTITY[sdk=iphoneos*]" = "iPhone Developer";
				COPY_PHASE_STRIP = YES;
				ENABLE_NS_ASSERTIONS = NO;
				ENABLE_STRICT_OBJC_MSGSEND = YES;
				GCC_C_LANGUAGE_STANDARD = gnu99;
				GCC_NO_COMMON_BLOCKS = YES;
				GCC_WARN_64_TO_32_BIT_CONVERSION = YES;
				GCC_WARN_ABOUT_RETURN_TYPE = YES_ERROR;
				GCC_WARN_UNDECLARED_SELECTOR = YES;
				GCC_WARN_UNINITIALIZED_AUTOS = YES_AGGRESSIVE;
				GCC_WARN_UNUSED_FUNCTION = YES;
				GCC_WARN_UNUSED_VARIABLE = YES;
				IPHONEOS_DEPLOYMENT_TARGET = 8.0;
				MTL_ENABLE_DEBUG_INFO = NO;
				SDKROOT = iphoneos;
				SWIFT_OPTIMIZATION_LEVEL = "-Owholemodule";
				VALIDATE_PRODUCT = YES;
			};
			name = Release;
		};
		18772C0919DD61E200F67CE7 /* Debug */ = {
			isa = XCBuildConfiguration;
			buildSettings = {
				ALWAYS_EMBED_SWIFT_STANDARD_LIBRARIES = YES;
				ASSETCATALOG_COMPILER_APPICON_NAME = AppIcon;
				"CODE_SIGN_IDENTITY[sdk=iphoneos*]" = "iPhone Developer";
				DEVELOPMENT_TEAM = 6WJM49JAZT;
				INFOPLIST_FILE = "iOS Example/Info.plist";
				LD_RUNPATH_SEARCH_PATHS = "$(inherited) @executable_path/Frameworks";
				PRODUCT_BUNDLE_IDENTIFIER = "com.Frostlight.$(PRODUCT_NAME:rfc1034identifier)";
				PRODUCT_NAME = "$(TARGET_NAME)";
				SWIFT_VERSION = 4.2;
				TARGETED_DEVICE_FAMILY = 1;
			};
			name = Debug;
		};
		18772C0A19DD61E200F67CE7 /* Release */ = {
			isa = XCBuildConfiguration;
			buildSettings = {
				ALWAYS_EMBED_SWIFT_STANDARD_LIBRARIES = YES;
				ASSETCATALOG_COMPILER_APPICON_NAME = AppIcon;
				"CODE_SIGN_IDENTITY[sdk=iphoneos*]" = "iPhone Developer";
				DEVELOPMENT_TEAM = 6WJM49JAZT;
				INFOPLIST_FILE = "iOS Example/Info.plist";
				LD_RUNPATH_SEARCH_PATHS = "$(inherited) @executable_path/Frameworks";
				PRODUCT_BUNDLE_IDENTIFIER = "com.Frostlight.$(PRODUCT_NAME:rfc1034identifier)";
				PRODUCT_NAME = "$(TARGET_NAME)";
				SWIFT_VERSION = 4.2;
				TARGETED_DEVICE_FAMILY = 1;
			};
			name = Release;
		};
/* End XCBuildConfiguration section */

/* Begin XCConfigurationList section */
		18772BE419DD61E200F67CE7 /* Build configuration list for PBXProject "iOS Example" */ = {
			isa = XCConfigurationList;
			buildConfigurations = (
				18772C0619DD61E200F67CE7 /* Debug */,
				18772C0719DD61E200F67CE7 /* Release */,
			);
			defaultConfigurationIsVisible = 0;
			defaultConfigurationName = Release;
		};
		18772C0819DD61E200F67CE7 /* Build configuration list for PBXNativeTarget "iOS Example" */ = {
			isa = XCConfigurationList;
			buildConfigurations = (
				18772C0919DD61E200F67CE7 /* Debug */,
				18772C0A19DD61E200F67CE7 /* Release */,
			);
			defaultConfigurationIsVisible = 0;
			defaultConfigurationName = Release;
		};
/* End XCConfigurationList section */
	};
	rootObject = 18772BE119DD61E200F67CE7 /* Project object */;
}
