// !$*UTF8*$!
{
	archiveVersion = 1;
	classes = {
	};
	objectVersion = 46;
	objects = {

/* Begin PBXBuildFile section */
		18772BEF19DD61E200F67CE7 /* AppDelegate.swift in Sources */ = {isa = PBXBuildFile; fileRef = 18772BEE19DD61E200F67CE7 /* AppDelegate.swift */; };
		18772BF419DD61E200F67CE7 /* Main.storyboard in Resources */ = {isa = PBXBuildFile; fileRef = 18772BF219DD61E200F67CE7 /* Main.storyboard */; };
		18772BF619DD61E200F67CE7 /* Images.xcassets in Resources */ = {isa = PBXBuildFile; fileRef = 18772BF519DD61E200F67CE7 /* Images.xcassets */; };
		18772BF919DD61E200F67CE7 /* LaunchScreen.xib in Resources */ = {isa = PBXBuildFile; fileRef = 18772BF719DD61E200F67CE7 /* LaunchScreen.xib */; };
		18772C1819DD637600F67CE7 /* FrostKit.framework in Frameworks */ = {isa = PBXBuildFile; fileRef = 18772C1519DD636900F67CE7 /* FrostKit.framework */; };
		18772C1919DD637600F67CE7 /* FrostKit.framework in Embed Frameworks */ = {isa = PBXBuildFile; fileRef = 18772C1519DD636900F67CE7 /* FrostKit.framework */; settings = {ATTRIBUTES = (CodeSignOnCopy, RemoveHeadersOnCopy, ); }; };
		18772C2519DD67A900F67CE7 /* MainMenuVC.swift in Sources */ = {isa = PBXBuildFile; fileRef = 18772C2319DD67A900F67CE7 /* MainMenuVC.swift */; };
		18772C2619DD67A900F67CE7 /* SocialHelperVC.swift in Sources */ = {isa = PBXBuildFile; fileRef = 18772C2419DD67A900F67CE7 /* SocialHelperVC.swift */; };
		18A258E619DD936200D145A3 /* AppDelegate.swift in Sources */ = {isa = PBXBuildFile; fileRef = 18A258E519DD936200D145A3 /* AppDelegate.swift */; };
		18A2592B19DD94D300D145A3 /* NSBundleExtensiosns.swift in Sources */ = {isa = PBXBuildFile; fileRef = 18A2591419DD94D300D145A3 /* NSBundleExtensiosns.swift */; };
		18A2592C19DD94D300D145A3 /* NSCalendarExtensions.swift in Sources */ = {isa = PBXBuildFile; fileRef = 18A2591519DD94D300D145A3 /* NSCalendarExtensions.swift */; };
		18A2592D19DD94D300D145A3 /* NSDataExtensions.swift in Sources */ = {isa = PBXBuildFile; fileRef = 18A2591619DD94D300D145A3 /* NSDataExtensions.swift */; };
		18A2592E19DD94D300D145A3 /* NSDateExtensions.swift in Sources */ = {isa = PBXBuildFile; fileRef = 18A2591719DD94D300D145A3 /* NSDateExtensions.swift */; };
		18A2592F19DD94D300D145A3 /* NSErrorExtensions.swift in Sources */ = {isa = PBXBuildFile; fileRef = 18A2591819DD94D300D145A3 /* NSErrorExtensions.swift */; };
		18A2593019DD94D400D145A3 /* NSTimeZoneExtensions.swift in Sources */ = {isa = PBXBuildFile; fileRef = 18A2591919DD94D300D145A3 /* NSTimeZoneExtensions.swift */; };
		18A2593119DD94D400D145A3 /* UIColorExtensions.swift in Sources */ = {isa = PBXBuildFile; fileRef = 18A2591A19DD94D300D145A3 /* UIColorExtensions.swift */; };
		18A2593219DD94D400D145A3 /* UIFontExtensiosns.swift in Sources */ = {isa = PBXBuildFile; fileRef = 18A2591B19DD94D300D145A3 /* UIFontExtensiosns.swift */; };
		18A2593319DD94D400D145A3 /* UIImageExtensiosns.swift in Sources */ = {isa = PBXBuildFile; fileRef = 18A2591C19DD94D300D145A3 /* UIImageExtensiosns.swift */; };
		18A2593419DD94D400D145A3 /* UIViewExtensions.swift in Sources */ = {isa = PBXBuildFile; fileRef = 18A2591D19DD94D300D145A3 /* UIViewExtensions.swift */; };
		18A2593519DD94D400D145A3 /* fontawesome-webfont.ttf in Resources */ = {isa = PBXBuildFile; fileRef = 18A2591F19DD94D300D145A3 /* fontawesome-webfont.ttf */; };
		18A2593819DD94D400D145A3 /* KeychainHelper.swift in Sources */ = {isa = PBXBuildFile; fileRef = 18A2592319DD94D300D145A3 /* KeychainHelper.swift */; };
		18A2593919DD94D400D145A3 /* SocialHelper.swift in Sources */ = {isa = PBXBuildFile; fileRef = 18A2592419DD94D300D145A3 /* SocialHelper.swift */; };
		18A2593A19DD94D400D145A3 /* ContentManager.swift in Sources */ = {isa = PBXBuildFile; fileRef = 18A2592619DD94D300D145A3 /* ContentManager.swift */; };
		18A2593B19DD94D400D145A3 /* ImageCache.swift in Sources */ = {isa = PBXBuildFile; fileRef = 18A2592719DD94D300D145A3 /* ImageCache.swift */; };
		18A2593C19DD94D400D145A3 /* LocalStorage.swift in Sources */ = {isa = PBXBuildFile; fileRef = 18A2592819DD94D300D145A3 /* LocalStorage.swift */; };
		18A2593F19DD959300D145A3 /* Images.xcassets in Resources */ = {isa = PBXBuildFile; fileRef = 18A2593E19DD959300D145A3 /* Images.xcassets */; };
		18A2594419DD95E000D145A3 /* LaunchScreen.xib in Resources */ = {isa = PBXBuildFile; fileRef = 18A2594019DD95E000D145A3 /* LaunchScreen.xib */; };
		18A2594519DD95E000D145A3 /* Main.storyboard in Resources */ = {isa = PBXBuildFile; fileRef = 18A2594219DD95E000D145A3 /* Main.storyboard */; };
		18E3F21419DDA6160032ABB7 /* MainMenuVC.swift in Sources */ = {isa = PBXBuildFile; fileRef = 18E3F21219DDA6160032ABB7 /* MainMenuVC.swift */; };
		18E3F21519DDA6160032ABB7 /* SocialHelperVC.swift in Sources */ = {isa = PBXBuildFile; fileRef = 18E3F21319DDA6160032ABB7 /* SocialHelperVC.swift */; };
		18E3F21F19DDDBD00032ABB7 /* WebViewControllerVC.swift in Sources */ = {isa = PBXBuildFile; fileRef = 18E3F21E19DDDBD00032ABB7 /* WebViewControllerVC.swift */; };
		18E3F22419DDE2A00032ABB7 /* BaseWebViewController.swift in Sources */ = {isa = PBXBuildFile; fileRef = 18E3F22019DDE2A00032ABB7 /* BaseWebViewController.swift */; };
		18E3F22519DDE2A00032ABB7 /* UIWebViewController.swift in Sources */ = {isa = PBXBuildFile; fileRef = 18E3F22119DDE2A00032ABB7 /* UIWebViewController.swift */; };
		18E3F22619DDE2A00032ABB7 /* WebViewController.swift in Sources */ = {isa = PBXBuildFile; fileRef = 18E3F22219DDE2A00032ABB7 /* WebViewController.swift */; };
		18E3F22919DDE3E20032ABB7 /* WKWebViewController.swift in Sources */ = {isa = PBXBuildFile; fileRef = 18E3F22819DDE3E20032ABB7 /* WKWebViewController.swift */; };
		18E3F22B19DDE6F10032ABB7 /* WebKit.framework in Frameworks */ = {isa = PBXBuildFile; fileRef = 18E3F22A19DDE6F10032ABB7 /* WebKit.framework */; settings = {ATTRIBUTES = (Weak, ); }; };
		18E3F22D19DDE75D0032ABB7 /* WebViewControllerVC.swift in Sources */ = {isa = PBXBuildFile; fileRef = 18E3F22C19DDE75D0032ABB7 /* WebViewControllerVC.swift */; };
		18E3F23019DE05B30032ABB7 /* CustomFonts.swift in Sources */ = {isa = PBXBuildFile; fileRef = 18E3F22F19DE05B30032ABB7 /* CustomFonts.swift */; };
		18E3F23419DE080F0032ABB7 /* FrostKit.swift in Sources */ = {isa = PBXBuildFile; fileRef = 18E3F23319DE080F0032ABB7 /* FrostKit.swift */; };
/* End PBXBuildFile section */

/* Begin PBXContainerItemProxy section */
		18772C1419DD636900F67CE7 /* PBXContainerItemProxy */ = {
			isa = PBXContainerItemProxy;
			containerPortal = 18772C0F19DD636800F67CE7 /* FrostKit.xcodeproj */;
			proxyType = 2;
			remoteGlobalIDString = 18839B1719D9FA8C00760157;
			remoteInfo = FrostKit;
		};
		18772C1619DD636900F67CE7 /* PBXContainerItemProxy */ = {
			isa = PBXContainerItemProxy;
			containerPortal = 18772C0F19DD636800F67CE7 /* FrostKit.xcodeproj */;
			proxyType = 2;
			remoteGlobalIDString = 18839B2219D9FA8C00760157;
			remoteInfo = FrostKitTests;
		};
		18772C1A19DD637600F67CE7 /* PBXContainerItemProxy */ = {
			isa = PBXContainerItemProxy;
			containerPortal = 18772C0F19DD636800F67CE7 /* FrostKit.xcodeproj */;
			proxyType = 1;
			remoteGlobalIDString = 18839B1619D9FA8C00760157;
			remoteInfo = FrostKit;
		};
/* End PBXContainerItemProxy section */

/* Begin PBXCopyFilesBuildPhase section */
		18772C1C19DD637600F67CE7 /* Embed Frameworks */ = {
			isa = PBXCopyFilesBuildPhase;
			buildActionMask = 2147483647;
			dstPath = "";
			dstSubfolderSpec = 10;
			files = (
				18772C1919DD637600F67CE7 /* FrostKit.framework in Embed Frameworks */,
			);
			name = "Embed Frameworks";
			runOnlyForDeploymentPostprocessing = 0;
		};
/* End PBXCopyFilesBuildPhase section */

/* Begin PBXFileReference section */
		18772BE919DD61E200F67CE7 /* iOS Example.app */ = {isa = PBXFileReference; explicitFileType = wrapper.application; includeInIndex = 0; path = "iOS Example.app"; sourceTree = BUILT_PRODUCTS_DIR; };
		18772BED19DD61E200F67CE7 /* Info.plist */ = {isa = PBXFileReference; lastKnownFileType = text.plist.xml; path = Info.plist; sourceTree = "<group>"; };
		18772BEE19DD61E200F67CE7 /* AppDelegate.swift */ = {isa = PBXFileReference; lastKnownFileType = sourcecode.swift; path = AppDelegate.swift; sourceTree = "<group>"; };
		18772BF319DD61E200F67CE7 /* Base */ = {isa = PBXFileReference; lastKnownFileType = file.storyboard; name = Base; path = Base.lproj/Main.storyboard; sourceTree = "<group>"; };
		18772BF519DD61E200F67CE7 /* Images.xcassets */ = {isa = PBXFileReference; lastKnownFileType = folder.assetcatalog; path = Images.xcassets; sourceTree = "<group>"; };
		18772BF819DD61E200F67CE7 /* Base */ = {isa = PBXFileReference; lastKnownFileType = file.xib; name = Base; path = Base.lproj/LaunchScreen.xib; sourceTree = "<group>"; };
		18772C0F19DD636800F67CE7 /* FrostKit.xcodeproj */ = {isa = PBXFileReference; lastKnownFileType = "wrapper.pb-project"; path = FrostKit.xcodeproj; sourceTree = "<group>"; };
		18772C2319DD67A900F67CE7 /* MainMenuVC.swift */ = {isa = PBXFileReference; fileEncoding = 4; lastKnownFileType = sourcecode.swift; path = MainMenuVC.swift; sourceTree = "<group>"; };
		18772C2419DD67A900F67CE7 /* SocialHelperVC.swift */ = {isa = PBXFileReference; fileEncoding = 4; lastKnownFileType = sourcecode.swift; path = SocialHelperVC.swift; sourceTree = "<group>"; };
		18A258E119DD936200D145A3 /* iOS 7 Example.app */ = {isa = PBXFileReference; explicitFileType = wrapper.application; includeInIndex = 0; path = "iOS 7 Example.app"; sourceTree = BUILT_PRODUCTS_DIR; };
		18A258E419DD936200D145A3 /* Info.plist */ = {isa = PBXFileReference; lastKnownFileType = text.plist.xml; path = Info.plist; sourceTree = "<group>"; };
		18A258E519DD936200D145A3 /* AppDelegate.swift */ = {isa = PBXFileReference; lastKnownFileType = sourcecode.swift; path = AppDelegate.swift; sourceTree = "<group>"; };
		18A2591419DD94D300D145A3 /* NSBundleExtensiosns.swift */ = {isa = PBXFileReference; fileEncoding = 4; lastKnownFileType = sourcecode.swift; path = NSBundleExtensiosns.swift; sourceTree = "<group>"; };
		18A2591519DD94D300D145A3 /* NSCalendarExtensions.swift */ = {isa = PBXFileReference; fileEncoding = 4; lastKnownFileType = sourcecode.swift; path = NSCalendarExtensions.swift; sourceTree = "<group>"; };
		18A2591619DD94D300D145A3 /* NSDataExtensions.swift */ = {isa = PBXFileReference; fileEncoding = 4; lastKnownFileType = sourcecode.swift; path = NSDataExtensions.swift; sourceTree = "<group>"; };
		18A2591719DD94D300D145A3 /* NSDateExtensions.swift */ = {isa = PBXFileReference; fileEncoding = 4; lastKnownFileType = sourcecode.swift; path = NSDateExtensions.swift; sourceTree = "<group>"; };
		18A2591819DD94D300D145A3 /* NSErrorExtensions.swift */ = {isa = PBXFileReference; fileEncoding = 4; lastKnownFileType = sourcecode.swift; path = NSErrorExtensions.swift; sourceTree = "<group>"; };
		18A2591919DD94D300D145A3 /* NSTimeZoneExtensions.swift */ = {isa = PBXFileReference; fileEncoding = 4; lastKnownFileType = sourcecode.swift; path = NSTimeZoneExtensions.swift; sourceTree = "<group>"; };
		18A2591A19DD94D300D145A3 /* UIColorExtensions.swift */ = {isa = PBXFileReference; fileEncoding = 4; lastKnownFileType = sourcecode.swift; path = UIColorExtensions.swift; sourceTree = "<group>"; };
		18A2591B19DD94D300D145A3 /* UIFontExtensiosns.swift */ = {isa = PBXFileReference; fileEncoding = 4; lastKnownFileType = sourcecode.swift; path = UIFontExtensiosns.swift; sourceTree = "<group>"; };
		18A2591C19DD94D300D145A3 /* UIImageExtensiosns.swift */ = {isa = PBXFileReference; fileEncoding = 4; lastKnownFileType = sourcecode.swift; path = UIImageExtensiosns.swift; sourceTree = "<group>"; };
		18A2591D19DD94D300D145A3 /* UIViewExtensions.swift */ = {isa = PBXFileReference; fileEncoding = 4; lastKnownFileType = sourcecode.swift; path = UIViewExtensions.swift; sourceTree = "<group>"; };
		18A2591F19DD94D300D145A3 /* fontawesome-webfont.ttf */ = {isa = PBXFileReference; lastKnownFileType = file; path = "fontawesome-webfont.ttf"; sourceTree = "<group>"; };
		18A2592319DD94D300D145A3 /* KeychainHelper.swift */ = {isa = PBXFileReference; fileEncoding = 4; lastKnownFileType = sourcecode.swift; path = KeychainHelper.swift; sourceTree = "<group>"; };
		18A2592419DD94D300D145A3 /* SocialHelper.swift */ = {isa = PBXFileReference; fileEncoding = 4; lastKnownFileType = sourcecode.swift; path = SocialHelper.swift; sourceTree = "<group>"; };
		18A2592619DD94D300D145A3 /* ContentManager.swift */ = {isa = PBXFileReference; fileEncoding = 4; lastKnownFileType = sourcecode.swift; path = ContentManager.swift; sourceTree = "<group>"; };
		18A2592719DD94D300D145A3 /* ImageCache.swift */ = {isa = PBXFileReference; fileEncoding = 4; lastKnownFileType = sourcecode.swift; path = ImageCache.swift; sourceTree = "<group>"; };
		18A2592819DD94D300D145A3 /* LocalStorage.swift */ = {isa = PBXFileReference; fileEncoding = 4; lastKnownFileType = sourcecode.swift; path = LocalStorage.swift; sourceTree = "<group>"; };
		18A2593E19DD959300D145A3 /* Images.xcassets */ = {isa = PBXFileReference; lastKnownFileType = folder.assetcatalog; name = Images.xcassets; path = "iOS Example/Images.xcassets"; sourceTree = SOURCE_ROOT; };
		18A2594119DD95E000D145A3 /* Base */ = {isa = PBXFileReference; lastKnownFileType = file.xib; name = Base; path = "iOS Example/Base.lproj/LaunchScreen.xib"; sourceTree = SOURCE_ROOT; };
		18A2594319DD95E000D145A3 /* Base */ = {isa = PBXFileReference; lastKnownFileType = file.storyboard; name = Base; path = "iOS Example/Base.lproj/Main.storyboard"; sourceTree = SOURCE_ROOT; };
		18E3F21219DDA6160032ABB7 /* MainMenuVC.swift */ = {isa = PBXFileReference; fileEncoding = 4; lastKnownFileType = sourcecode.swift; path = MainMenuVC.swift; sourceTree = "<group>"; };
		18E3F21319DDA6160032ABB7 /* SocialHelperVC.swift */ = {isa = PBXFileReference; fileEncoding = 4; lastKnownFileType = sourcecode.swift; path = SocialHelperVC.swift; sourceTree = "<group>"; };
		18E3F21E19DDDBD00032ABB7 /* WebViewControllerVC.swift */ = {isa = PBXFileReference; fileEncoding = 4; lastKnownFileType = sourcecode.swift; path = WebViewControllerVC.swift; sourceTree = "<group>"; };
		18E3F22019DDE2A00032ABB7 /* BaseWebViewController.swift */ = {isa = PBXFileReference; fileEncoding = 4; lastKnownFileType = sourcecode.swift; path = BaseWebViewController.swift; sourceTree = "<group>"; };
		18E3F22119DDE2A00032ABB7 /* UIWebViewController.swift */ = {isa = PBXFileReference; fileEncoding = 4; lastKnownFileType = sourcecode.swift; path = UIWebViewController.swift; sourceTree = "<group>"; };
		18E3F22219DDE2A00032ABB7 /* WebViewController.swift */ = {isa = PBXFileReference; fileEncoding = 4; lastKnownFileType = sourcecode.swift; path = WebViewController.swift; sourceTree = "<group>"; };
		18E3F22819DDE3E20032ABB7 /* WKWebViewController.swift */ = {isa = PBXFileReference; fileEncoding = 4; lastKnownFileType = sourcecode.swift; path = WKWebViewController.swift; sourceTree = "<group>"; };
		18E3F22A19DDE6F10032ABB7 /* WebKit.framework */ = {isa = PBXFileReference; lastKnownFileType = wrapper.framework; name = WebKit.framework; path = System/Library/Frameworks/WebKit.framework; sourceTree = SDKROOT; };
		18E3F22C19DDE75D0032ABB7 /* WebViewControllerVC.swift */ = {isa = PBXFileReference; fileEncoding = 4; lastKnownFileType = sourcecode.swift; path = WebViewControllerVC.swift; sourceTree = "<group>"; };
		18E3F22F19DE05B30032ABB7 /* CustomFonts.swift */ = {isa = PBXFileReference; fileEncoding = 4; lastKnownFileType = sourcecode.swift; path = CustomFonts.swift; sourceTree = "<group>"; };
		18E3F23319DE080F0032ABB7 /* FrostKit.swift */ = {isa = PBXFileReference; fileEncoding = 4; lastKnownFileType = sourcecode.swift; name = FrostKit.swift; path = FrostKit/FrostKit.swift; sourceTree = SOURCE_ROOT; };
/* End PBXFileReference section */

/* Begin PBXFrameworksBuildPhase section */
		18772BE619DD61E200F67CE7 /* Frameworks */ = {
			isa = PBXFrameworksBuildPhase;
			buildActionMask = 2147483647;
			files = (
				18772C1819DD637600F67CE7 /* FrostKit.framework in Frameworks */,
			);
			runOnlyForDeploymentPostprocessing = 0;
		};
		18A258DE19DD936200D145A3 /* Frameworks */ = {
			isa = PBXFrameworksBuildPhase;
			buildActionMask = 2147483647;
			files = (
				18E3F22B19DDE6F10032ABB7 /* WebKit.framework in Frameworks */,
			);
			runOnlyForDeploymentPostprocessing = 0;
		};
/* End PBXFrameworksBuildPhase section */

/* Begin PBXGroup section */
		18772BE019DD61E200F67CE7 = {
			isa = PBXGroup;
			children = (
				18772BEB19DD61E200F67CE7 /* iOS Example */,
				18A258E219DD936200D145A3 /* iOS 7 Example */,
				18772BEA19DD61E200F67CE7 /* Products */,
				18772C0F19DD636800F67CE7 /* FrostKit.xcodeproj */,
			);
			sourceTree = "<group>";
		};
		18772BEA19DD61E200F67CE7 /* Products */ = {
			isa = PBXGroup;
			children = (
				18772BE919DD61E200F67CE7 /* iOS Example.app */,
				18A258E119DD936200D145A3 /* iOS 7 Example.app */,
			);
			name = Products;
			sourceTree = "<group>";
		};
		18772BEB19DD61E200F67CE7 /* iOS Example */ = {
			isa = PBXGroup;
			children = (
				18772BEE19DD61E200F67CE7 /* AppDelegate.swift */,
				18772BF219DD61E200F67CE7 /* Main.storyboard */,
				18772C2219DD67A900F67CE7 /* ViewControllers */,
				18772BF719DD61E200F67CE7 /* LaunchScreen.xib */,
				18772BF519DD61E200F67CE7 /* Images.xcassets */,
				18772BEC19DD61E200F67CE7 /* Supporting Files */,
			);
			path = "iOS Example";
			sourceTree = "<group>";
		};
		18772BEC19DD61E200F67CE7 /* Supporting Files */ = {
			isa = PBXGroup;
			children = (
				18772BED19DD61E200F67CE7 /* Info.plist */,
			);
			name = "Supporting Files";
			sourceTree = "<group>";
		};
		18772C1019DD636800F67CE7 /* Products */ = {
			isa = PBXGroup;
			children = (
				18772C1519DD636900F67CE7 /* FrostKit.framework */,
				18772C1719DD636900F67CE7 /* FrostKitTests.xctest */,
			);
			name = Products;
			sourceTree = "<group>";
		};
		18772C2219DD67A900F67CE7 /* ViewControllers */ = {
			isa = PBXGroup;
			children = (
				18772C2319DD67A900F67CE7 /* MainMenuVC.swift */,
				18772C2419DD67A900F67CE7 /* SocialHelperVC.swift */,
				18E3F21E19DDDBD00032ABB7 /* WebViewControllerVC.swift */,
			);
			path = ViewControllers;
			sourceTree = "<group>";
		};
		18A258E219DD936200D145A3 /* iOS 7 Example */ = {
			isa = PBXGroup;
			children = (
				18A258E519DD936200D145A3 /* AppDelegate.swift */,
				18A2594219DD95E000D145A3 /* Main.storyboard */,
				18E3F21119DDA6160032ABB7 /* ViewControllers */,
				18A2594019DD95E000D145A3 /* LaunchScreen.xib */,
				18A2593E19DD959300D145A3 /* Images.xcassets */,
				18A258E319DD936200D145A3 /* Supporting Files */,
				18A2591219DD94B800D145A3 /* FrostKit iOS 7 References */,
				18E3F22E19DDF0D00032ABB7 /* Frameworks */,
			);
			path = "iOS 7 Example";
			sourceTree = "<group>";
		};
		18A258E319DD936200D145A3 /* Supporting Files */ = {
			isa = PBXGroup;
			children = (
				18A258E419DD936200D145A3 /* Info.plist */,
			);
			name = "Supporting Files";
			sourceTree = "<group>";
		};
		18A2591219DD94B800D145A3 /* FrostKit iOS 7 References */ = {
			isa = PBXGroup;
			children = (
				18E3F23319DE080F0032ABB7 /* FrostKit.swift */,
				18A2592519DD94D300D145A3 /* Storage */,
				18A2592919DD94D300D145A3 /* ViewControllers */,
				18A2592219DD94D300D145A3 /* Helpers */,
				18A2591319DD94D300D145A3 /* Extensions */,
				18A2591E19DD94D300D145A3 /* Fonts */,
			);
			name = "FrostKit iOS 7 References";
			sourceTree = "<group>";
		};
		18A2591319DD94D300D145A3 /* Extensions */ = {
			isa = PBXGroup;
			children = (
				18A2591419DD94D300D145A3 /* NSBundleExtensiosns.swift */,
				18A2591519DD94D300D145A3 /* NSCalendarExtensions.swift */,
				18A2591619DD94D300D145A3 /* NSDataExtensions.swift */,
				18A2591719DD94D300D145A3 /* NSDateExtensions.swift */,
				18A2591819DD94D300D145A3 /* NSErrorExtensions.swift */,
				18A2591919DD94D300D145A3 /* NSTimeZoneExtensions.swift */,
				18A2591A19DD94D300D145A3 /* UIColorExtensions.swift */,
				18A2591B19DD94D300D145A3 /* UIFontExtensiosns.swift */,
				18A2591C19DD94D300D145A3 /* UIImageExtensiosns.swift */,
				18A2591D19DD94D300D145A3 /* UIViewExtensions.swift */,
			);
			name = Extensions;
			path = FrostKit/Extensions;
			sourceTree = SOURCE_ROOT;
		};
		18A2591E19DD94D300D145A3 /* Fonts */ = {
			isa = PBXGroup;
			children = (
				18E3F22F19DE05B30032ABB7 /* CustomFonts.swift */,
				18A2591F19DD94D300D145A3 /* fontawesome-webfont.ttf */,
			);
			name = Fonts;
			path = FrostKit/Fonts;
			sourceTree = SOURCE_ROOT;
		};
		18A2592219DD94D300D145A3 /* Helpers */ = {
			isa = PBXGroup;
			children = (
				18A2592319DD94D300D145A3 /* KeychainHelper.swift */,
				18A2592419DD94D300D145A3 /* SocialHelper.swift */,
			);
			name = Helpers;
			path = FrostKit/Helpers;
			sourceTree = SOURCE_ROOT;
		};
		18A2592519DD94D300D145A3 /* Storage */ = {
			isa = PBXGroup;
			children = (
				18A2592619DD94D300D145A3 /* ContentManager.swift */,
				18A2592719DD94D300D145A3 /* ImageCache.swift */,
				18A2592819DD94D300D145A3 /* LocalStorage.swift */,
			);
			name = Storage;
			path = FrostKit/Storage;
			sourceTree = SOURCE_ROOT;
		};
		18A2592919DD94D300D145A3 /* ViewControllers */ = {
			isa = PBXGroup;
			children = (
				18E3F22219DDE2A00032ABB7 /* WebViewController.swift */,
				18E3F22019DDE2A00032ABB7 /* BaseWebViewController.swift */,
				18E3F22119DDE2A00032ABB7 /* UIWebViewController.swift */,
				18E3F22819DDE3E20032ABB7 /* WKWebViewController.swift */,
			);
			name = ViewControllers;
			path = FrostKit/ViewControllers;
			sourceTree = SOURCE_ROOT;
		};
		18E3F21119DDA6160032ABB7 /* ViewControllers */ = {
			isa = PBXGroup;
			children = (
				18E3F21219DDA6160032ABB7 /* MainMenuVC.swift */,
				18E3F21319DDA6160032ABB7 /* SocialHelperVC.swift */,
				18E3F22C19DDE75D0032ABB7 /* WebViewControllerVC.swift */,
			);
			path = ViewControllers;
			sourceTree = "<group>";
		};
		18E3F22E19DDF0D00032ABB7 /* Frameworks */ = {
			isa = PBXGroup;
			children = (
				18E3F22A19DDE6F10032ABB7 /* WebKit.framework */,
			);
			name = Frameworks;
			path = ..;
			sourceTree = "<group>";
		};
/* End PBXGroup section */

/* Begin PBXNativeTarget section */
		18772BE819DD61E200F67CE7 /* iOS Example */ = {
			isa = PBXNativeTarget;
			buildConfigurationList = 18772C0819DD61E200F67CE7 /* Build configuration list for PBXNativeTarget "iOS Example" */;
			buildPhases = (
				18772BE519DD61E200F67CE7 /* Sources */,
				18772BE619DD61E200F67CE7 /* Frameworks */,
				18772BE719DD61E200F67CE7 /* Resources */,
				18772C1C19DD637600F67CE7 /* Embed Frameworks */,
			);
			buildRules = (
			);
			dependencies = (
				18772C1B19DD637600F67CE7 /* PBXTargetDependency */,
			);
			name = "iOS Example";
			productName = "iOS Example";
			productReference = 18772BE919DD61E200F67CE7 /* iOS Example.app */;
			productType = "com.apple.product-type.application";
		};
		18A258E019DD936200D145A3 /* iOS 7 Example */ = {
			isa = PBXNativeTarget;
			buildConfigurationList = 18A2590219DD936200D145A3 /* Build configuration list for PBXNativeTarget "iOS 7 Example" */;
			buildPhases = (
				18A258DD19DD936200D145A3 /* Sources */,
				18A258DE19DD936200D145A3 /* Frameworks */,
				18A258DF19DD936200D145A3 /* Resources */,
			);
			buildRules = (
			);
			dependencies = (
			);
			name = "iOS 7 Example";
			productName = "iOS 7 Example";
			productReference = 18A258E119DD936200D145A3 /* iOS 7 Example.app */;
			productType = "com.apple.product-type.application";
		};
/* End PBXNativeTarget section */

/* Begin PBXProject section */
		18772BE119DD61E200F67CE7 /* Project object */ = {
			isa = PBXProject;
			attributes = {
				LastUpgradeCheck = 0600;
				ORGANIZATIONNAME = "Frostlight Solutions";
				TargetAttributes = {
					18772BE819DD61E200F67CE7 = {
						CreatedOnToolsVersion = 6.0.1;
					};
					18A258E019DD936200D145A3 = {
						CreatedOnToolsVersion = 6.0.1;
					};
				};
			};
			buildConfigurationList = 18772BE419DD61E200F67CE7 /* Build configuration list for PBXProject "iOS Example" */;
			compatibilityVersion = "Xcode 3.2";
			developmentRegion = English;
			hasScannedForEncodings = 0;
			knownRegions = (
				en,
				Base,
			);
			mainGroup = 18772BE019DD61E200F67CE7;
			productRefGroup = 18772BEA19DD61E200F67CE7 /* Products */;
			projectDirPath = "";
			projectReferences = (
				{
					ProductGroup = 18772C1019DD636800F67CE7 /* Products */;
					ProjectRef = 18772C0F19DD636800F67CE7 /* FrostKit.xcodeproj */;
				},
			);
			projectRoot = "";
			targets = (
				18772BE819DD61E200F67CE7 /* iOS Example */,
				18A258E019DD936200D145A3 /* iOS 7 Example */,
			);
		};
/* End PBXProject section */

/* Begin PBXReferenceProxy section */
		18772C1519DD636900F67CE7 /* FrostKit.framework */ = {
			isa = PBXReferenceProxy;
			fileType = wrapper.framework;
			path = FrostKit.framework;
			remoteRef = 18772C1419DD636900F67CE7 /* PBXContainerItemProxy */;
			sourceTree = BUILT_PRODUCTS_DIR;
		};
		18772C1719DD636900F67CE7 /* FrostKitTests.xctest */ = {
			isa = PBXReferenceProxy;
			fileType = wrapper.cfbundle;
			path = FrostKitTests.xctest;
			remoteRef = 18772C1619DD636900F67CE7 /* PBXContainerItemProxy */;
			sourceTree = BUILT_PRODUCTS_DIR;
		};
/* End PBXReferenceProxy section */

/* Begin PBXResourcesBuildPhase section */
		18772BE719DD61E200F67CE7 /* Resources */ = {
			isa = PBXResourcesBuildPhase;
			buildActionMask = 2147483647;
			files = (
				18772BF419DD61E200F67CE7 /* Main.storyboard in Resources */,
				18772BF919DD61E200F67CE7 /* LaunchScreen.xib in Resources */,
				18772BF619DD61E200F67CE7 /* Images.xcassets in Resources */,
			);
			runOnlyForDeploymentPostprocessing = 0;
		};
		18A258DF19DD936200D145A3 /* Resources */ = {
			isa = PBXResourcesBuildPhase;
			buildActionMask = 2147483647;
			files = (
				18A2594419DD95E000D145A3 /* LaunchScreen.xib in Resources */,
				18A2594519DD95E000D145A3 /* Main.storyboard in Resources */,
				18A2593F19DD959300D145A3 /* Images.xcassets in Resources */,
				18A2593519DD94D400D145A3 /* fontawesome-webfont.ttf in Resources */,
			);
			runOnlyForDeploymentPostprocessing = 0;
		};
/* End PBXResourcesBuildPhase section */

/* Begin PBXSourcesBuildPhase section */
		18772BE519DD61E200F67CE7 /* Sources */ = {
			isa = PBXSourcesBuildPhase;
			buildActionMask = 2147483647;
			files = (
				18E3F21F19DDDBD00032ABB7 /* WebViewControllerVC.swift in Sources */,
				18772BEF19DD61E200F67CE7 /* AppDelegate.swift in Sources */,
				18772C2619DD67A900F67CE7 /* SocialHelperVC.swift in Sources */,
				18772C2519DD67A900F67CE7 /* MainMenuVC.swift in Sources */,
			);
			runOnlyForDeploymentPostprocessing = 0;
		};
		18A258DD19DD936200D145A3 /* Sources */ = {
			isa = PBXSourcesBuildPhase;
			buildActionMask = 2147483647;
			files = (
				18A2592E19DD94D300D145A3 /* NSDateExtensions.swift in Sources */,
				18E3F22619DDE2A00032ABB7 /* WebViewController.swift in Sources */,
				18E3F22519DDE2A00032ABB7 /* UIWebViewController.swift in Sources */,
				18A2593219DD94D400D145A3 /* UIFontExtensiosns.swift in Sources */,
				18A2593419DD94D400D145A3 /* UIViewExtensions.swift in Sources */,
				18A2593319DD94D400D145A3 /* UIImageExtensiosns.swift in Sources */,
				18A2592D19DD94D300D145A3 /* NSDataExtensions.swift in Sources */,
				18A2592B19DD94D300D145A3 /* NSBundleExtensiosns.swift in Sources */,
				18A2593919DD94D400D145A3 /* SocialHelper.swift in Sources */,
				18E3F23019DE05B30032ABB7 /* CustomFonts.swift in Sources */,
				18A2592F19DD94D300D145A3 /* NSErrorExtensions.swift in Sources */,
				18E3F22D19DDE75D0032ABB7 /* WebViewControllerVC.swift in Sources */,
				18E3F21419DDA6160032ABB7 /* MainMenuVC.swift in Sources */,
				18E3F22919DDE3E20032ABB7 /* WKWebViewController.swift in Sources */,
				18A2592C19DD94D300D145A3 /* NSCalendarExtensions.swift in Sources */,
				18E3F22419DDE2A00032ABB7 /* BaseWebViewController.swift in Sources */,
				18A258E619DD936200D145A3 /* AppDelegate.swift in Sources */,
				18A2593B19DD94D400D145A3 /* ImageCache.swift in Sources */,
				18A2593019DD94D400D145A3 /* NSTimeZoneExtensions.swift in Sources */,
				18A2593819DD94D400D145A3 /* KeychainHelper.swift in Sources */,
				18A2593A19DD94D400D145A3 /* ContentManager.swift in Sources */,
				18E3F21519DDA6160032ABB7 /* SocialHelperVC.swift in Sources */,
				18A2593119DD94D400D145A3 /* UIColorExtensions.swift in Sources */,
				18E3F23419DE080F0032ABB7 /* FrostKit.swift in Sources */,
				18A2593C19DD94D400D145A3 /* LocalStorage.swift in Sources */,
			);
			runOnlyForDeploymentPostprocessing = 0;
		};
/* End PBXSourcesBuildPhase section */

/* Begin PBXTargetDependency section */
		18772C1B19DD637600F67CE7 /* PBXTargetDependency */ = {
			isa = PBXTargetDependency;
			name = FrostKit;
			targetProxy = 18772C1A19DD637600F67CE7 /* PBXContainerItemProxy */;
		};
/* End PBXTargetDependency section */

/* Begin PBXVariantGroup section */
		18772BF219DD61E200F67CE7 /* Main.storyboard */ = {
			isa = PBXVariantGroup;
			children = (
				18772BF319DD61E200F67CE7 /* Base */,
			);
			name = Main.storyboard;
			sourceTree = "<group>";
		};
		18772BF719DD61E200F67CE7 /* LaunchScreen.xib */ = {
			isa = PBXVariantGroup;
			children = (
				18772BF819DD61E200F67CE7 /* Base */,
			);
			name = LaunchScreen.xib;
			sourceTree = "<group>";
		};
		18A2594019DD95E000D145A3 /* LaunchScreen.xib */ = {
			isa = PBXVariantGroup;
			children = (
				18A2594119DD95E000D145A3 /* Base */,
			);
			name = LaunchScreen.xib;
			sourceTree = "<group>";
		};
		18A2594219DD95E000D145A3 /* Main.storyboard */ = {
			isa = PBXVariantGroup;
			children = (
				18A2594319DD95E000D145A3 /* Base */,
			);
			name = Main.storyboard;
			sourceTree = "<group>";
		};
/* End PBXVariantGroup section */

/* Begin XCBuildConfiguration section */
		18772C0619DD61E200F67CE7 /* Debug */ = {
			isa = XCBuildConfiguration;
			buildSettings = {
				ALWAYS_SEARCH_USER_PATHS = NO;
				CLANG_CXX_LANGUAGE_STANDARD = "gnu++0x";
				CLANG_CXX_LIBRARY = "libc++";
				CLANG_ENABLE_MODULES = YES;
				CLANG_ENABLE_OBJC_ARC = YES;
				CLANG_WARN_BOOL_CONVERSION = YES;
				CLANG_WARN_CONSTANT_CONVERSION = YES;
				CLANG_WARN_DIRECT_OBJC_ISA_USAGE = YES_ERROR;
				CLANG_WARN_EMPTY_BODY = YES;
				CLANG_WARN_ENUM_CONVERSION = YES;
				CLANG_WARN_INT_CONVERSION = YES;
				CLANG_WARN_OBJC_ROOT_CLASS = YES_ERROR;
				CLANG_WARN_UNREACHABLE_CODE = YES;
				CLANG_WARN__DUPLICATE_METHOD_MATCH = YES;
				"CODE_SIGN_IDENTITY[sdk=iphoneos*]" = "iPhone Developer";
				COPY_PHASE_STRIP = NO;
				ENABLE_STRICT_OBJC_MSGSEND = YES;
				GCC_C_LANGUAGE_STANDARD = gnu99;
				GCC_DYNAMIC_NO_PIC = NO;
				GCC_OPTIMIZATION_LEVEL = 0;
				GCC_PREPROCESSOR_DEFINITIONS = (
					"DEBUG=1",
					"$(inherited)",
				);
				GCC_SYMBOLS_PRIVATE_EXTERN = NO;
				GCC_WARN_64_TO_32_BIT_CONVERSION = YES;
				GCC_WARN_ABOUT_RETURN_TYPE = YES_ERROR;
				GCC_WARN_UNDECLARED_SELECTOR = YES;
				GCC_WARN_UNINITIALIZED_AUTOS = YES_AGGRESSIVE;
				GCC_WARN_UNUSED_FUNCTION = YES;
				GCC_WARN_UNUSED_VARIABLE = YES;
				IPHONEOS_DEPLOYMENT_TARGET = 8.0;
				MTL_ENABLE_DEBUG_INFO = YES;
				ONLY_ACTIVE_ARCH = YES;
				SDKROOT = iphoneos;
				SWIFT_OPTIMIZATION_LEVEL = "-Onone";
			};
			name = Debug;
		};
		18772C0719DD61E200F67CE7 /* Release */ = {
			isa = XCBuildConfiguration;
			buildSettings = {
				ALWAYS_SEARCH_USER_PATHS = NO;
				CLANG_CXX_LANGUAGE_STANDARD = "gnu++0x";
				CLANG_CXX_LIBRARY = "libc++";
				CLANG_ENABLE_MODULES = YES;
				CLANG_ENABLE_OBJC_ARC = YES;
				CLANG_WARN_BOOL_CONVERSION = YES;
				CLANG_WARN_CONSTANT_CONVERSION = YES;
				CLANG_WARN_DIRECT_OBJC_ISA_USAGE = YES_ERROR;
				CLANG_WARN_EMPTY_BODY = YES;
				CLANG_WARN_ENUM_CONVERSION = YES;
				CLANG_WARN_INT_CONVERSION = YES;
				CLANG_WARN_OBJC_ROOT_CLASS = YES_ERROR;
				CLANG_WARN_UNREACHABLE_CODE = YES;
				CLANG_WARN__DUPLICATE_METHOD_MATCH = YES;
				"CODE_SIGN_IDENTITY[sdk=iphoneos*]" = "iPhone Developer";
				COPY_PHASE_STRIP = YES;
				ENABLE_NS_ASSERTIONS = NO;
				ENABLE_STRICT_OBJC_MSGSEND = YES;
				GCC_C_LANGUAGE_STANDARD = gnu99;
				GCC_WARN_64_TO_32_BIT_CONVERSION = YES;
				GCC_WARN_ABOUT_RETURN_TYPE = YES_ERROR;
				GCC_WARN_UNDECLARED_SELECTOR = YES;
				GCC_WARN_UNINITIALIZED_AUTOS = YES_AGGRESSIVE;
				GCC_WARN_UNUSED_FUNCTION = YES;
				GCC_WARN_UNUSED_VARIABLE = YES;
				IPHONEOS_DEPLOYMENT_TARGET = 8.0;
				MTL_ENABLE_DEBUG_INFO = NO;
				SDKROOT = iphoneos;
				VALIDATE_PRODUCT = YES;
			};
			name = Release;
		};
		18772C0919DD61E200F67CE7 /* Debug */ = {
			isa = XCBuildConfiguration;
			buildSettings = {
				ASSETCATALOG_COMPILER_APPICON_NAME = AppIcon;
				INFOPLIST_FILE = "iOS Example/Info.plist";
				LD_RUNPATH_SEARCH_PATHS = "$(inherited) @executable_path/Frameworks";
				PRODUCT_NAME = "$(TARGET_NAME)";
			};
			name = Debug;
		};
		18772C0A19DD61E200F67CE7 /* Release */ = {
			isa = XCBuildConfiguration;
			buildSettings = {
				ASSETCATALOG_COMPILER_APPICON_NAME = AppIcon;
				INFOPLIST_FILE = "iOS Example/Info.plist";
				LD_RUNPATH_SEARCH_PATHS = "$(inherited) @executable_path/Frameworks";
				PRODUCT_NAME = "$(TARGET_NAME)";
			};
			name = Release;
		};
		18A258FD19DD936200D145A3 /* Debug */ = {
			isa = XCBuildConfiguration;
			buildSettings = {
				ASSETCATALOG_COMPILER_APPICON_NAME = AppIcon;
				ASSETCATALOG_COMPILER_LAUNCHIMAGE_NAME = LaunchImage;
				GCC_PREPROCESSOR_DEFINITIONS = "$(inherited)";
				INFOPLIST_FILE = "iOS 7 Example/Info.plist";
				IPHONEOS_DEPLOYMENT_TARGET = 7.0;
				LD_RUNPATH_SEARCH_PATHS = "$(inherited) @executable_path/Frameworks";
				PRODUCT_NAME = "$(TARGET_NAME)";
			};
			name = Debug;
		};
		18A258FE19DD936200D145A3 /* Release */ = {
			isa = XCBuildConfiguration;
			buildSettings = {
				ASSETCATALOG_COMPILER_APPICON_NAME = AppIcon;
				ASSETCATALOG_COMPILER_LAUNCHIMAGE_NAME = LaunchImage;
				GCC_PREPROCESSOR_DEFINITIONS = "";
				INFOPLIST_FILE = "iOS 7 Example/Info.plist";
				IPHONEOS_DEPLOYMENT_TARGET = 7.0;
				LD_RUNPATH_SEARCH_PATHS = "$(inherited) @executable_path/Frameworks";
				PRODUCT_NAME = "$(TARGET_NAME)";
			};
			name = Release;
		};
/* End XCBuildConfiguration section */

/* Begin XCConfigurationList section */
		18772BE419DD61E200F67CE7 /* Build configuration list for PBXProject "iOS Example" */ = {
			isa = XCConfigurationList;
			buildConfigurations = (
				18772C0619DD61E200F67CE7 /* Debug */,
				18772C0719DD61E200F67CE7 /* Release */,
			);
			defaultConfigurationIsVisible = 0;
			defaultConfigurationName = Release;
		};
		18772C0819DD61E200F67CE7 /* Build configuration list for PBXNativeTarget "iOS Example" */ = {
			isa = XCConfigurationList;
			buildConfigurations = (
				18772C0919DD61E200F67CE7 /* Debug */,
				18772C0A19DD61E200F67CE7 /* Release */,
			);
			defaultConfigurationIsVisible = 0;
			defaultConfigurationName = Release;
		};
		18A2590219DD936200D145A3 /* Build configuration list for PBXNativeTarget "iOS 7 Example" */ = {
			isa = XCConfigurationList;
			buildConfigurations = (
				18A258FD19DD936200D145A3 /* Debug */,
				18A258FE19DD936200D145A3 /* Release */,
			);
			defaultConfigurationIsVisible = 0;
			defaultConfigurationName = Release;
		};
/* End XCConfigurationList section */
	};
	rootObject = 18772BE119DD61E200F67CE7 /* Project object */;
}
